{
  "nodes": {
    "cachix": {
      "locked": {
        "lastModified": 1665647492,
        "narHash": "sha256-lmVz/50ODqV4h08Xc8dpATwgD1pO/fou+M2KrSXBHSQ=",
        "owner": "cachix",
        "repo": "cachix",
        "rev": "f6fe5df6d96e45359a1e5c448272cfc7e0566da0",
        "type": "github"
      },
      "original": {
        "owner": "cachix",
        "repo": "cachix",
        "rev": "f6fe5df6d96e45359a1e5c448272cfc7e0566da0",
        "type": "github"
      }
    },
    "cachix_": {
      "inputs": {
        "cachix": "cachix"
      },
      "locked": {
        "dir": "source-flake/cachix",
        "lastModified": 1668761882,
        "narHash": "sha256-QIONU02axD/5/H1EJTJPBnTw11yOIaJ7K8T4bIZHxow=",
        "owner": "br4ch1st0chr0n3",
        "repo": "flakes",
        "rev": "72094f5c12c1b09d0589892067d80b046917355f",
        "type": "github"
      },
      "original": {
        "dir": "source-flake/cachix",
        "owner": "br4ch1st0chr0n3",
        "repo": "flakes",
        "type": "github"
      }
    },
    "devshell": {
      "inputs": {
        "flake-utils": "flake-utils_9",
        "nixpkgs": "nixpkgs_7"
      },
      "locked": {
        "lastModified": 1667210711,
        "narHash": "sha256-IoErjXZAkzYWHEpQqwu/DeRNJGFdR7X2OGbkhMqMrpw=",
        "owner": "numtide",
        "repo": "devshell",
        "rev": "96a9dd12b8a447840cc246e17a47b81a4268bba7",
        "type": "github"
      },
      "original": {
        "owner": "numtide",
        "repo": "devshell",
        "rev": "96a9dd12b8a447840cc246e17a47b81a4268bba7",
        "type": "github"
      }
    },
    "devshell_2": {
      "inputs": {
        "flake-utils": "flake-utils_13",
        "nixpkgs": "nixpkgs_12"
      },
      "locked": {
        "lastModified": 1667210711,
        "narHash": "sha256-IoErjXZAkzYWHEpQqwu/DeRNJGFdR7X2OGbkhMqMrpw=",
        "owner": "numtide",
        "repo": "devshell",
        "rev": "96a9dd12b8a447840cc246e17a47b81a4268bba7",
        "type": "github"
      },
      "original": {
        "owner": "numtide",
        "repo": "devshell",
        "rev": "96a9dd12b8a447840cc246e17a47b81a4268bba7",
        "type": "github"
      }
    },
    "drv-tools": {
      "inputs": {
        "flake-utils": [
          "drv-tools",
          "flake-utils_",
          "flake-utils"
        ],
        "flake-utils_": "flake-utils_",
        "nixpkgs": [
          "drv-tools",
          "nixpkgs_",
          "nixpkgs"
        ],
        "nixpkgs_": "nixpkgs_"
      },
      "locked": {
        "dir": "drv-tools",
        "lastModified": 1668761976,
        "narHash": "sha256-k+8RzDzccUCLNy0WjBEt7/1chp0GRuYUhaTICeOAuTg=",
        "owner": "br4ch1st0chr0n3",
        "repo": "flakes",
        "rev": "bf7f20e2bdebb12d962cdc8199ad33b66baaa793",
        "type": "github"
      },
      "original": {
        "dir": "drv-tools",
        "owner": "br4ch1st0chr0n3",
        "repo": "flakes",
        "type": "github"
      }
    },
    "drv-tools_2": {
      "inputs": {
        "flake-utils": [
          "flakes-tools",
          "drv-tools",
          "flake-utils_",
          "flake-utils"
        ],
        "flake-utils_": "flake-utils__3",
        "nixpkgs": [
          "flakes-tools",
          "drv-tools",
          "nixpkgs_",
          "nixpkgs"
        ],
        "nixpkgs_": "nixpkgs__2"
      },
      "locked": {
        "dir": "drv-tools",
        "lastModified": 1668761882,
        "narHash": "sha256-QIONU02axD/5/H1EJTJPBnTw11yOIaJ7K8T4bIZHxow=",
        "owner": "br4ch1st0chr0n3",
        "repo": "flakes",
        "rev": "72094f5c12c1b09d0589892067d80b046917355f",
        "type": "github"
      },
      "original": {
        "dir": "drv-tools",
        "owner": "br4ch1st0chr0n3",
        "repo": "flakes",
        "type": "github"
      }
    },
    "drv-tools_3": {
      "inputs": {
        "flake-utils": [
          "my-codium",
          "drv-tools",
          "flake-utils_",
          "flake-utils"
        ],
        "flake-utils_": "flake-utils__6",
        "nixpkgs": [
          "my-codium",
          "drv-tools",
          "nixpkgs_",
          "nixpkgs"
        ],
        "nixpkgs_": "nixpkgs__6"
      },
      "locked": {
        "dir": "drv-tools",
        "lastModified": 1668761882,
        "narHash": "sha256-QIONU02axD/5/H1EJTJPBnTw11yOIaJ7K8T4bIZHxow=",
        "owner": "br4ch1st0chr0n3",
        "repo": "flakes",
        "rev": "72094f5c12c1b09d0589892067d80b046917355f",
        "type": "github"
      },
      "original": {
        "dir": "drv-tools",
        "owner": "br4ch1st0chr0n3",
        "repo": "flakes",
        "type": "github"
      }
    },
    "flake-utils": {
      "locked": {
        "lastModified": 1667395993,
        "narHash": "sha256-nuEHfE/LcWyuSWnS8t12N1wc105Qtau+/OdUAjtQ0rA=",
        "owner": "numtide",
        "repo": "flake-utils",
        "rev": "5aed5285a952e0b949eb3ba02c12fa4fcfef535f",
        "type": "github"
      },
      "original": {
        "owner": "numtide",
        "repo": "flake-utils",
        "type": "github"
      }
    },
    "flake-utils_": {
      "inputs": {
        "flake-utils": "flake-utils"
      },
      "locked": {
        "dir": "source-flake/flake-utils",
        "lastModified": 1668761882,
        "narHash": "sha256-QIONU02axD/5/H1EJTJPBnTw11yOIaJ7K8T4bIZHxow=",
        "owner": "br4ch1st0chr0n3",
        "repo": "flakes",
        "rev": "72094f5c12c1b09d0589892067d80b046917355f",
        "type": "github"
      },
      "original": {
        "dir": "source-flake/flake-utils",
        "owner": "br4ch1st0chr0n3",
        "repo": "flakes",
        "type": "github"
      }
    },
    "flake-utils_10": {
      "locked": {
        "lastModified": 1659877975,
        "narHash": "sha256-zllb8aq3YO3h8B/U0/J1WBgAL8EX5yWf5pMj3G0NAmc=",
        "owner": "numtide",
        "repo": "flake-utils",
        "rev": "c0e246b9b83f637f4681389ecabcb2681b4f3af0",
        "type": "github"
      },
      "original": {
        "owner": "numtide",
        "repo": "flake-utils",
        "type": "github"
      }
    },
    "flake-utils_11": {
      "locked": {
        "lastModified": 1659877975,
        "narHash": "sha256-zllb8aq3YO3h8B/U0/J1WBgAL8EX5yWf5pMj3G0NAmc=",
        "owner": "numtide",
        "repo": "flake-utils",
        "rev": "c0e246b9b83f637f4681389ecabcb2681b4f3af0",
        "type": "github"
      },
      "original": {
        "owner": "numtide",
        "repo": "flake-utils",
        "type": "github"
      }
    },
    "flake-utils_12": {
      "locked": {
        "lastModified": 1667395993,
        "narHash": "sha256-nuEHfE/LcWyuSWnS8t12N1wc105Qtau+/OdUAjtQ0rA=",
        "owner": "numtide",
        "repo": "flake-utils",
        "rev": "5aed5285a952e0b949eb3ba02c12fa4fcfef535f",
        "type": "github"
      },
      "original": {
        "owner": "numtide",
        "repo": "flake-utils",
        "type": "github"
      }
    },
    "flake-utils_13": {
      "locked": {
        "lastModified": 1642700792,
        "narHash": "sha256-XqHrk7hFb+zBvRg6Ghl+AZDq03ov6OshJLiSWOoX5es=",
        "owner": "numtide",
        "repo": "flake-utils",
        "rev": "846b2ae0fc4cc943637d3d1def4454213e203cba",
        "type": "github"
      },
      "original": {
        "owner": "numtide",
        "repo": "flake-utils",
        "type": "github"
      }
    },
    "flake-utils_14": {
      "locked": {
        "lastModified": 1667395993,
        "narHash": "sha256-nuEHfE/LcWyuSWnS8t12N1wc105Qtau+/OdUAjtQ0rA=",
        "owner": "numtide",
        "repo": "flake-utils",
        "rev": "5aed5285a952e0b949eb3ba02c12fa4fcfef535f",
        "type": "github"
      },
      "original": {
        "owner": "numtide",
        "repo": "flake-utils",
        "type": "github"
      }
    },
    "flake-utils_15": {
      "locked": {
        "lastModified": 1659877975,
        "narHash": "sha256-zllb8aq3YO3h8B/U0/J1WBgAL8EX5yWf5pMj3G0NAmc=",
        "owner": "numtide",
        "repo": "flake-utils",
        "rev": "c0e246b9b83f637f4681389ecabcb2681b4f3af0",
        "type": "github"
      },
      "original": {
        "owner": "numtide",
        "repo": "flake-utils",
        "type": "github"
      }
    },
    "flake-utils_2": {
      "locked": {
        "lastModified": 1667395993,
        "narHash": "sha256-nuEHfE/LcWyuSWnS8t12N1wc105Qtau+/OdUAjtQ0rA=",
        "owner": "numtide",
        "repo": "flake-utils",
        "rev": "5aed5285a952e0b949eb3ba02c12fa4fcfef535f",
        "type": "github"
      },
      "original": {
        "owner": "numtide",
        "repo": "flake-utils",
        "type": "github"
      }
    },
    "flake-utils_3": {
      "locked": {
        "lastModified": 1667395993,
        "narHash": "sha256-nuEHfE/LcWyuSWnS8t12N1wc105Qtau+/OdUAjtQ0rA=",
        "owner": "numtide",
        "repo": "flake-utils",
        "rev": "5aed5285a952e0b949eb3ba02c12fa4fcfef535f",
        "type": "github"
      },
      "original": {
        "owner": "numtide",
        "repo": "flake-utils",
        "type": "github"
      }
    },
    "flake-utils_4": {
      "locked": {
        "lastModified": 1667395993,
        "narHash": "sha256-nuEHfE/LcWyuSWnS8t12N1wc105Qtau+/OdUAjtQ0rA=",
        "owner": "numtide",
        "repo": "flake-utils",
        "rev": "5aed5285a952e0b949eb3ba02c12fa4fcfef535f",
        "type": "github"
      },
      "original": {
        "owner": "numtide",
        "repo": "flake-utils",
        "type": "github"
      }
    },
    "flake-utils_5": {
      "locked": {
        "lastModified": 1667395993,
        "narHash": "sha256-nuEHfE/LcWyuSWnS8t12N1wc105Qtau+/OdUAjtQ0rA=",
        "owner": "numtide",
        "repo": "flake-utils",
        "rev": "5aed5285a952e0b949eb3ba02c12fa4fcfef535f",
        "type": "github"
      },
      "original": {
        "owner": "numtide",
        "repo": "flake-utils",
        "type": "github"
      }
    },
    "flake-utils_6": {
      "locked": {
        "lastModified": 1667395993,
        "narHash": "sha256-nuEHfE/LcWyuSWnS8t12N1wc105Qtau+/OdUAjtQ0rA=",
        "owner": "numtide",
        "repo": "flake-utils",
        "rev": "5aed5285a952e0b949eb3ba02c12fa4fcfef535f",
        "type": "github"
      },
      "original": {
        "owner": "numtide",
        "repo": "flake-utils",
        "type": "github"
      }
    },
    "flake-utils_7": {
      "locked": {
        "lastModified": 1667395993,
        "narHash": "sha256-nuEHfE/LcWyuSWnS8t12N1wc105Qtau+/OdUAjtQ0rA=",
        "owner": "numtide",
        "repo": "flake-utils",
        "rev": "5aed5285a952e0b949eb3ba02c12fa4fcfef535f",
        "type": "github"
      },
      "original": {
        "owner": "numtide",
        "repo": "flake-utils",
        "type": "github"
      }
    },
    "flake-utils_8": {
      "locked": {
        "lastModified": 1667395993,
        "narHash": "sha256-nuEHfE/LcWyuSWnS8t12N1wc105Qtau+/OdUAjtQ0rA=",
        "owner": "numtide",
        "repo": "flake-utils",
        "rev": "5aed5285a952e0b949eb3ba02c12fa4fcfef535f",
        "type": "github"
      },
      "original": {
        "owner": "numtide",
        "repo": "flake-utils",
        "type": "github"
      }
    },
    "flake-utils_9": {
      "locked": {
        "lastModified": 1642700792,
        "narHash": "sha256-XqHrk7hFb+zBvRg6Ghl+AZDq03ov6OshJLiSWOoX5es=",
        "owner": "numtide",
        "repo": "flake-utils",
        "rev": "846b2ae0fc4cc943637d3d1def4454213e203cba",
        "type": "github"
      },
      "original": {
        "owner": "numtide",
        "repo": "flake-utils",
        "type": "github"
      }
    },
    "flake-utils__10": {
      "inputs": {
        "flake-utils": "flake-utils_12"
      },
      "locked": {
        "dir": "source-flake/flake-utils",
        "lastModified": 1668761882,
        "narHash": "sha256-QIONU02axD/5/H1EJTJPBnTw11yOIaJ7K8T4bIZHxow=",
        "owner": "br4ch1st0chr0n3",
        "repo": "flakes",
        "rev": "72094f5c12c1b09d0589892067d80b046917355f",
        "type": "github"
      },
      "original": {
        "dir": "source-flake/flake-utils",
        "owner": "br4ch1st0chr0n3",
        "repo": "flakes",
        "type": "github"
      }
    },
    "flake-utils__11": {
      "inputs": {
        "flake-utils": "flake-utils_14"
      },
      "locked": {
        "dir": "source-flake/flake-utils",
        "lastModified": 1668761882,
        "narHash": "sha256-QIONU02axD/5/H1EJTJPBnTw11yOIaJ7K8T4bIZHxow=",
        "owner": "br4ch1st0chr0n3",
        "repo": "flakes",
        "rev": "72094f5c12c1b09d0589892067d80b046917355f",
        "type": "github"
      },
      "original": {
        "dir": "source-flake/flake-utils",
        "owner": "br4ch1st0chr0n3",
        "repo": "flakes",
        "type": "github"
      }
    },
    "flake-utils__2": {
      "inputs": {
        "flake-utils": "flake-utils_2"
      },
      "locked": {
        "dir": "source-flake/flake-utils",
        "lastModified": 1668761976,
        "narHash": "sha256-k+8RzDzccUCLNy0WjBEt7/1chp0GRuYUhaTICeOAuTg=",
        "owner": "br4ch1st0chr0n3",
        "repo": "flakes",
        "rev": "bf7f20e2bdebb12d962cdc8199ad33b66baaa793",
        "type": "github"
      },
      "original": {
        "dir": "source-flake/flake-utils",
        "owner": "br4ch1st0chr0n3",
        "repo": "flakes",
        "type": "github"
      }
    },
    "flake-utils__3": {
      "inputs": {
        "flake-utils": "flake-utils_3"
      },
      "locked": {
        "dir": "source-flake/flake-utils",
        "lastModified": 1668761646,
        "narHash": "sha256-BgIhaGYnOG32Zkf9M3T0J2IVz0XmsI7v5FtlMgC0B9I=",
        "owner": "br4ch1st0chr0n3",
        "repo": "flakes",
        "rev": "f1b151c0fe435a89583a1a4a2462d3ad0ae19aee",
        "type": "github"
      },
      "original": {
        "dir": "source-flake/flake-utils",
        "owner": "br4ch1st0chr0n3",
        "repo": "flakes",
        "type": "github"
      }
    },
    "flake-utils__4": {
      "inputs": {
        "flake-utils": "flake-utils_4"
      },
      "locked": {
        "dir": "source-flake/flake-utils",
        "lastModified": 1668761882,
        "narHash": "sha256-QIONU02axD/5/H1EJTJPBnTw11yOIaJ7K8T4bIZHxow=",
        "owner": "br4ch1st0chr0n3",
        "repo": "flakes",
        "rev": "72094f5c12c1b09d0589892067d80b046917355f",
        "type": "github"
      },
      "original": {
        "dir": "source-flake/flake-utils",
        "owner": "br4ch1st0chr0n3",
        "repo": "flakes",
        "type": "github"
      }
    },
    "flake-utils__5": {
      "inputs": {
        "flake-utils": "flake-utils_5"
      },
      "locked": {
        "dir": "source-flake/flake-utils",
        "lastModified": 1668761882,
        "narHash": "sha256-QIONU02axD/5/H1EJTJPBnTw11yOIaJ7K8T4bIZHxow=",
        "owner": "br4ch1st0chr0n3",
        "repo": "flakes",
        "rev": "72094f5c12c1b09d0589892067d80b046917355f",
        "type": "github"
      },
      "original": {
        "dir": "source-flake/flake-utils",
        "owner": "br4ch1st0chr0n3",
        "repo": "flakes",
        "type": "github"
      }
    },
    "flake-utils__6": {
      "inputs": {
        "flake-utils": "flake-utils_6"
      },
      "locked": {
        "dir": "source-flake/flake-utils",
        "lastModified": 1668761646,
        "narHash": "sha256-BgIhaGYnOG32Zkf9M3T0J2IVz0XmsI7v5FtlMgC0B9I=",
        "owner": "br4ch1st0chr0n3",
        "repo": "flakes",
        "rev": "f1b151c0fe435a89583a1a4a2462d3ad0ae19aee",
        "type": "github"
      },
      "original": {
        "dir": "source-flake/flake-utils",
        "owner": "br4ch1st0chr0n3",
        "repo": "flakes",
        "type": "github"
      }
    },
    "flake-utils__7": {
      "inputs": {
        "flake-utils": "flake-utils_7"
      },
      "locked": {
        "dir": "source-flake/flake-utils",
        "lastModified": 1668761882,
        "narHash": "sha256-QIONU02axD/5/H1EJTJPBnTw11yOIaJ7K8T4bIZHxow=",
        "owner": "br4ch1st0chr0n3",
        "repo": "flakes",
        "rev": "72094f5c12c1b09d0589892067d80b046917355f",
        "type": "github"
      },
      "original": {
        "dir": "source-flake/flake-utils",
        "owner": "br4ch1st0chr0n3",
        "repo": "flakes",
        "type": "github"
      }
    },
    "flake-utils__8": {
      "inputs": {
        "flake-utils": "flake-utils_8"
      },
      "locked": {
        "dir": "source-flake/flake-utils",
        "lastModified": 1668761646,
        "narHash": "sha256-BgIhaGYnOG32Zkf9M3T0J2IVz0XmsI7v5FtlMgC0B9I=",
        "owner": "br4ch1st0chr0n3",
        "repo": "flakes",
        "rev": "f1b151c0fe435a89583a1a4a2462d3ad0ae19aee",
        "type": "github"
      },
      "original": {
        "dir": "source-flake/flake-utils",
        "owner": "br4ch1st0chr0n3",
        "repo": "flakes",
        "type": "github"
      }
    },
    "flake-utils__9": {
      "inputs": {
        "flake-utils": "flake-utils_10"
      },
      "locked": {
        "dir": "source-flake/flake-utils",
        "lastModified": 1664932829,
        "narHash": "sha256-EF7wByq47Gy7JNDzQ4HgAZcIWoGiIkDN8Iow1/ej51s=",
        "owner": "br4ch1st0chr0n3",
        "repo": "flakes",
        "rev": "2f8ed86b7f8ec2dee5bd10e0f1647e40026bc9b7",
        "type": "github"
      },
      "original": {
        "dir": "source-flake/flake-utils",
        "owner": "br4ch1st0chr0n3",
        "repo": "flakes",
        "type": "github"
      }
    },
    "flakes-tools": {
      "inputs": {
        "cachix": [
          "flakes-tools",
          "cachix_",
          "cachix"
        ],
        "cachix_": "cachix_",
        "drv-tools": "drv-tools_2",
        "flake-utils": [
          "flakes-tools",
          "flake-utils_",
          "flake-utils"
        ],
        "flake-utils_": "flake-utils__4",
        "nixpkgs": [
          "flakes-tools",
          "nixpkgs_",
          "nixpkgs"
        ],
        "nixpkgs_": "nixpkgs__3"
      },
      "locked": {
        "dir": "flakes-tools",
        "lastModified": 1668761976,
        "narHash": "sha256-k+8RzDzccUCLNy0WjBEt7/1chp0GRuYUhaTICeOAuTg=",
        "owner": "br4ch1st0chr0n3",
        "repo": "flakes",
        "rev": "bf7f20e2bdebb12d962cdc8199ad33b66baaa793",
        "type": "github"
      },
      "original": {
        "dir": "flakes-tools",
        "owner": "br4ch1st0chr0n3",
        "repo": "flakes",
        "type": "github"
      }
    },
    "gitignore": {
      "inputs": {
        "nixpkgs": [
          "haskell-tools",
          "gitignore_",
          "nixpkgs_",
          "nixpkgs"
        ]
      },
      "locked": {
        "lastModified": 1660459072,
        "narHash": "sha256-8DFJjXG8zqoONA1vXtgeKXy68KdJL5UaXR8NtVMUbx8=",
        "owner": "hercules-ci",
        "repo": "gitignore.nix",
        "rev": "a20de23b925fd8264fd7fad6454652e142fd7f73",
        "type": "github"
      },
      "original": {
        "owner": "hercules-ci",
        "repo": "gitignore.nix",
        "rev": "a20de23b925fd8264fd7fad6454652e142fd7f73",
        "type": "github"
      }
    },
    "gitignore_": {
      "inputs": {
        "gitignore": "gitignore",
        "nixpkgs_": "nixpkgs__4"
      },
      "locked": {
        "dir": "source-flake/gitignore",
        "lastModified": 1668761882,
        "narHash": "sha256-QIONU02axD/5/H1EJTJPBnTw11yOIaJ7K8T4bIZHxow=",
        "owner": "br4ch1st0chr0n3",
        "repo": "flakes",
        "rev": "72094f5c12c1b09d0589892067d80b046917355f",
        "type": "github"
      },
      "original": {
        "dir": "source-flake/gitignore",
        "owner": "br4ch1st0chr0n3",
        "repo": "flakes",
        "type": "github"
      }
    },
    "haskell-tools": {
      "inputs": {
        "flake-utils": [
          "haskell-tools",
          "flake-utils_",
          "flake-utils"
        ],
        "flake-utils_": "flake-utils__5",
        "gitignore": [
          "haskell-tools",
          "gitignore_",
          "gitignore"
        ],
        "gitignore_": "gitignore_",
        "nixpkgs": [
          "haskell-tools",
          "nixpkgs_",
          "nixpkgs"
        ],
        "nixpkgs_": "nixpkgs__5"
      },
      "locked": {
        "dir": "language-tools/haskell",
        "lastModified": 1668761976,
        "narHash": "sha256-k+8RzDzccUCLNy0WjBEt7/1chp0GRuYUhaTICeOAuTg=",
        "owner": "br4ch1st0chr0n3",
        "repo": "flakes",
        "rev": "bf7f20e2bdebb12d962cdc8199ad33b66baaa793",
        "type": "github"
      },
      "original": {
        "dir": "language-tools/haskell",
        "owner": "br4ch1st0chr0n3",
        "repo": "flakes",
        "type": "github"
      }
    },
    "my-codium": {
      "inputs": {
        "drv-tools": "drv-tools_3",
        "flake-utils": [
          "my-codium",
          "flake-utils_",
          "flake-utils"
        ],
        "flake-utils_": "flake-utils__7",
        "my-devshell": "my-devshell",
        "nixpkgs": [
          "my-codium",
          "nixpkgs_",
          "nixpkgs"
        ],
        "nixpkgs_": "nixpkgs__8",
        "vscode-extensions": [
          "my-codium",
          "vscode-extensions_",
          "vscode-extensions"
        ],
        "vscode-extensions-selected": [
          "my-codium",
          "vscode-extensions-selected_",
          "vscode-extensions-selected"
        ],
        "vscode-extensions-selected_": "vscode-extensions-selected_",
        "vscode-extensions_": "vscode-extensions_"
      },
      "locked": {
        "dir": "codium",
        "lastModified": 1668761976,
        "narHash": "sha256-k+8RzDzccUCLNy0WjBEt7/1chp0GRuYUhaTICeOAuTg=",
        "owner": "br4ch1st0chr0n3",
        "repo": "flakes",
        "rev": "bf7f20e2bdebb12d962cdc8199ad33b66baaa793",
        "type": "github"
      },
      "original": {
        "dir": "codium",
        "owner": "br4ch1st0chr0n3",
        "repo": "flakes",
        "type": "github"
      }
    },
    "my-devshell": {
      "inputs": {
        "flake-utils": [
          "my-codium",
          "my-devshell",
          "flake-utils_",
          "flake-utils"
        ],
        "flake-utils_": "flake-utils__8",
        "my-devshell": [
          "my-codium",
          "my-devshell",
          "my-devshell_",
          "devshell"
        ],
        "my-devshell_": "my-devshell_",
        "nixpkgs": [
          "my-codium",
          "my-devshell",
          "nixpkgs_",
          "nixpkgs"
        ],
        "nixpkgs_": "nixpkgs__7"
      },
      "locked": {
        "dir": "devshell",
        "lastModified": 1668761882,
        "narHash": "sha256-QIONU02axD/5/H1EJTJPBnTw11yOIaJ7K8T4bIZHxow=",
        "owner": "br4ch1st0chr0n3",
        "repo": "flakes",
        "rev": "72094f5c12c1b09d0589892067d80b046917355f",
        "type": "github"
      },
      "original": {
        "dir": "devshell",
        "owner": "br4ch1st0chr0n3",
        "repo": "flakes",
        "type": "github"
      }
    },
    "my-devshell_": {
      "inputs": {
        "devshell": "devshell"
      },
      "locked": {
        "dir": "source-flake/devshell",
        "lastModified": 1668761646,
        "narHash": "sha256-BgIhaGYnOG32Zkf9M3T0J2IVz0XmsI7v5FtlMgC0B9I=",
        "owner": "br4ch1st0chr0n3",
        "repo": "flakes",
        "rev": "f1b151c0fe435a89583a1a4a2462d3ad0ae19aee",
        "type": "github"
      },
      "original": {
        "dir": "source-flake/devshell",
        "owner": "br4ch1st0chr0n3",
        "repo": "flakes",
        "type": "github"
      }
    },
    "my-devshell_2": {
      "inputs": {
        "flake-utils": [
          "my-devshell",
          "flake-utils_",
          "flake-utils"
        ],
        "flake-utils_": "flake-utils__10",
        "my-devshell": [
          "my-devshell",
          "my-devshell_",
          "devshell"
        ],
        "my-devshell_": "my-devshell__2",
        "nixpkgs": [
          "my-devshell",
          "nixpkgs_",
          "nixpkgs"
        ],
        "nixpkgs_": "nixpkgs__10"
      },
      "locked": {
        "dir": "devshell",
        "lastModified": 1668761976,
        "narHash": "sha256-k+8RzDzccUCLNy0WjBEt7/1chp0GRuYUhaTICeOAuTg=",
        "owner": "br4ch1st0chr0n3",
        "repo": "flakes",
        "rev": "bf7f20e2bdebb12d962cdc8199ad33b66baaa793",
        "type": "github"
      },
      "original": {
        "dir": "devshell",
        "owner": "br4ch1st0chr0n3",
        "repo": "flakes",
        "type": "github"
      }
    },
    "my-devshell__2": {
      "inputs": {
        "devshell": "devshell_2"
      },
      "locked": {
        "dir": "source-flake/devshell",
        "lastModified": 1668761882,
        "narHash": "sha256-QIONU02axD/5/H1EJTJPBnTw11yOIaJ7K8T4bIZHxow=",
        "owner": "br4ch1st0chr0n3",
        "repo": "flakes",
        "rev": "72094f5c12c1b09d0589892067d80b046917355f",
        "type": "github"
      },
      "original": {
        "dir": "source-flake/devshell",
        "owner": "br4ch1st0chr0n3",
        "repo": "flakes",
        "type": "github"
      }
    },
    "nixpkgs": {
      "locked": {
        "lastModified": 1667758139,
        "narHash": "sha256-CbDAP6wttlaVs9s4DPZlJ5Wf6Ozz9lX7SdJVtFA8cAo=",
        "owner": "NixOS",
        "repo": "nixpkgs",
        "rev": "8993cc730d11148ef59e84a8f15f94f688e1bfd1",
        "type": "github"
      },
      "original": {
        "owner": "NixOS",
        "repo": "nixpkgs",
        "rev": "8993cc730d11148ef59e84a8f15f94f688e1bfd1",
        "type": "github"
      }
    },
    "nixpkgs_": {
      "inputs": {
        "nixpkgs": "nixpkgs"
      },
      "locked": {
        "dir": "source-flake/nixpkgs",
        "lastModified": 1668761882,
        "narHash": "sha256-QIONU02axD/5/H1EJTJPBnTw11yOIaJ7K8T4bIZHxow=",
        "owner": "br4ch1st0chr0n3",
        "repo": "flakes",
        "rev": "72094f5c12c1b09d0589892067d80b046917355f",
        "type": "github"
      },
      "original": {
        "dir": "source-flake/nixpkgs",
        "owner": "br4ch1st0chr0n3",
        "repo": "flakes",
        "type": "github"
      }
    },
    "nixpkgs_10": {
      "locked": {
        "lastModified": 1663905476,
        "narHash": "sha256-0CSwRKaYravh9v6qSlBpM0gNg0UhKT2lL7Yn6Zbx7UM=",
        "owner": "NixOS",
        "repo": "nixpkgs",
        "rev": "e14f9fb57315f0d4abde222364f19f88c77d2b79",
        "type": "github"
      },
      "original": {
        "owner": "NixOS",
        "repo": "nixpkgs",
        "rev": "e14f9fb57315f0d4abde222364f19f88c77d2b79",
        "type": "github"
      }
    },
    "nixpkgs_11": {
      "locked": {
        "lastModified": 1660464579,
        "narHash": "sha256-kzA9rwh0wS6CwUnFHAQ7dhJCowMPfRbvixVeOKnUmjo=",
        "owner": "NixOS",
        "repo": "nixpkgs",
        "rev": "b02538b16f6c5e1dbfce1033b27946e25c019b3b",
        "type": "github"
      },
      "original": {
        "owner": "NixOS",
        "ref": "nixpkgs-unstable",
        "repo": "nixpkgs",
        "type": "github"
      }
    },
    "nixpkgs_12": {
      "locked": {
        "lastModified": 1643381941,
        "narHash": "sha256-pHTwvnN4tTsEKkWlXQ8JMY423epos8wUOhthpwJjtpc=",
        "owner": "NixOS",
        "repo": "nixpkgs",
        "rev": "5efc8ca954272c4376ac929f4c5ffefcc20551d5",
        "type": "github"
      },
      "original": {
        "owner": "NixOS",
        "ref": "nixpkgs-unstable",
        "repo": "nixpkgs",
        "type": "github"
      }
    },
    "nixpkgs_13": {
      "locked": {
        "lastModified": 1667758139,
        "narHash": "sha256-CbDAP6wttlaVs9s4DPZlJ5Wf6Ozz9lX7SdJVtFA8cAo=",
        "owner": "NixOS",
        "repo": "nixpkgs",
        "rev": "8993cc730d11148ef59e84a8f15f94f688e1bfd1",
        "type": "github"
      },
      "original": {
        "owner": "NixOS",
        "repo": "nixpkgs",
        "rev": "8993cc730d11148ef59e84a8f15f94f688e1bfd1",
        "type": "github"
      }
    },
    "nixpkgs_14": {
      "locked": {
        "lastModified": 1667758139,
        "narHash": "sha256-CbDAP6wttlaVs9s4DPZlJ5Wf6Ozz9lX7SdJVtFA8cAo=",
        "owner": "NixOS",
        "repo": "nixpkgs",
        "rev": "8993cc730d11148ef59e84a8f15f94f688e1bfd1",
        "type": "github"
      },
      "original": {
        "owner": "NixOS",
        "repo": "nixpkgs",
        "rev": "8993cc730d11148ef59e84a8f15f94f688e1bfd1",
        "type": "github"
      }
    },
    "nixpkgs_15": {
      "locked": {
        "lastModified": 1667758139,
        "narHash": "sha256-CbDAP6wttlaVs9s4DPZlJ5Wf6Ozz9lX7SdJVtFA8cAo=",
        "owner": "NixOS",
        "repo": "nixpkgs",
        "rev": "8993cc730d11148ef59e84a8f15f94f688e1bfd1",
        "type": "github"
      },
      "original": {
        "owner": "NixOS",
        "repo": "nixpkgs",
        "rev": "8993cc730d11148ef59e84a8f15f94f688e1bfd1",
        "type": "github"
      }
    },
    "nixpkgs_16": {
      "locked": {
        "lastModified": 1660464579,
        "narHash": "sha256-kzA9rwh0wS6CwUnFHAQ7dhJCowMPfRbvixVeOKnUmjo=",
        "owner": "NixOS",
        "repo": "nixpkgs",
        "rev": "b02538b16f6c5e1dbfce1033b27946e25c019b3b",
        "type": "github"
      },
      "original": {
        "owner": "NixOS",
        "ref": "nixpkgs-unstable",
        "repo": "nixpkgs",
        "type": "github"
      }
    },
    "nixpkgs_2": {
      "locked": {
        "lastModified": 1667758139,
        "narHash": "sha256-CbDAP6wttlaVs9s4DPZlJ5Wf6Ozz9lX7SdJVtFA8cAo=",
        "owner": "NixOS",
        "repo": "nixpkgs",
        "rev": "8993cc730d11148ef59e84a8f15f94f688e1bfd1",
        "type": "github"
      },
      "original": {
        "owner": "NixOS",
        "repo": "nixpkgs",
        "rev": "8993cc730d11148ef59e84a8f15f94f688e1bfd1",
        "type": "github"
      }
    },
    "nixpkgs_3": {
      "locked": {
        "lastModified": 1667758139,
        "narHash": "sha256-CbDAP6wttlaVs9s4DPZlJ5Wf6Ozz9lX7SdJVtFA8cAo=",
        "owner": "NixOS",
        "repo": "nixpkgs",
        "rev": "8993cc730d11148ef59e84a8f15f94f688e1bfd1",
        "type": "github"
      },
      "original": {
        "owner": "NixOS",
        "repo": "nixpkgs",
        "rev": "8993cc730d11148ef59e84a8f15f94f688e1bfd1",
        "type": "github"
      }
    },
    "nixpkgs_4": {
      "locked": {
        "lastModified": 1667758139,
        "narHash": "sha256-CbDAP6wttlaVs9s4DPZlJ5Wf6Ozz9lX7SdJVtFA8cAo=",
        "owner": "NixOS",
        "repo": "nixpkgs",
        "rev": "8993cc730d11148ef59e84a8f15f94f688e1bfd1",
        "type": "github"
      },
      "original": {
        "owner": "NixOS",
        "repo": "nixpkgs",
        "rev": "8993cc730d11148ef59e84a8f15f94f688e1bfd1",
        "type": "github"
      }
    },
    "nixpkgs_5": {
      "locked": {
        "lastModified": 1667758139,
        "narHash": "sha256-CbDAP6wttlaVs9s4DPZlJ5Wf6Ozz9lX7SdJVtFA8cAo=",
        "owner": "NixOS",
        "repo": "nixpkgs",
        "rev": "8993cc730d11148ef59e84a8f15f94f688e1bfd1",
        "type": "github"
      },
      "original": {
        "owner": "NixOS",
        "repo": "nixpkgs",
        "rev": "8993cc730d11148ef59e84a8f15f94f688e1bfd1",
        "type": "github"
      }
    },
    "nixpkgs_6": {
      "locked": {
        "lastModified": 1667758139,
        "narHash": "sha256-CbDAP6wttlaVs9s4DPZlJ5Wf6Ozz9lX7SdJVtFA8cAo=",
        "owner": "NixOS",
        "repo": "nixpkgs",
        "rev": "8993cc730d11148ef59e84a8f15f94f688e1bfd1",
        "type": "github"
      },
      "original": {
        "owner": "NixOS",
        "repo": "nixpkgs",
        "rev": "8993cc730d11148ef59e84a8f15f94f688e1bfd1",
        "type": "github"
      }
    },
    "nixpkgs_7": {
      "locked": {
        "lastModified": 1643381941,
        "narHash": "sha256-pHTwvnN4tTsEKkWlXQ8JMY423epos8wUOhthpwJjtpc=",
        "owner": "NixOS",
        "repo": "nixpkgs",
        "rev": "5efc8ca954272c4376ac929f4c5ffefcc20551d5",
        "type": "github"
      },
      "original": {
        "owner": "NixOS",
        "ref": "nixpkgs-unstable",
        "repo": "nixpkgs",
        "type": "github"
      }
    },
    "nixpkgs_8": {
      "locked": {
        "lastModified": 1667758139,
        "narHash": "sha256-CbDAP6wttlaVs9s4DPZlJ5Wf6Ozz9lX7SdJVtFA8cAo=",
        "owner": "NixOS",
        "repo": "nixpkgs",
        "rev": "8993cc730d11148ef59e84a8f15f94f688e1bfd1",
        "type": "github"
      },
      "original": {
        "owner": "NixOS",
        "repo": "nixpkgs",
        "rev": "8993cc730d11148ef59e84a8f15f94f688e1bfd1",
        "type": "github"
      }
    },
    "nixpkgs_9": {
      "locked": {
        "lastModified": 1667758139,
        "narHash": "sha256-CbDAP6wttlaVs9s4DPZlJ5Wf6Ozz9lX7SdJVtFA8cAo=",
        "owner": "NixOS",
        "repo": "nixpkgs",
        "rev": "8993cc730d11148ef59e84a8f15f94f688e1bfd1",
        "type": "github"
      },
      "original": {
        "owner": "NixOS",
        "repo": "nixpkgs",
        "rev": "8993cc730d11148ef59e84a8f15f94f688e1bfd1",
        "type": "github"
      }
    },
    "nixpkgs__10": {
      "inputs": {
        "nixpkgs": "nixpkgs_13"
      },
      "locked": {
        "dir": "source-flake/nixpkgs",
        "lastModified": 1668761882,
        "narHash": "sha256-QIONU02axD/5/H1EJTJPBnTw11yOIaJ7K8T4bIZHxow=",
        "owner": "br4ch1st0chr0n3",
        "repo": "flakes",
        "rev": "72094f5c12c1b09d0589892067d80b046917355f",
        "type": "github"
      },
      "original": {
        "dir": "source-flake/nixpkgs",
        "owner": "br4ch1st0chr0n3",
        "repo": "flakes",
        "type": "github"
      }
    },
    "nixpkgs__11": {
      "inputs": {
        "nixpkgs": "nixpkgs_14"
      },
      "locked": {
        "dir": "source-flake/nixpkgs",
        "lastModified": 1668761976,
        "narHash": "sha256-k+8RzDzccUCLNy0WjBEt7/1chp0GRuYUhaTICeOAuTg=",
        "owner": "br4ch1st0chr0n3",
        "repo": "flakes",
        "rev": "bf7f20e2bdebb12d962cdc8199ad33b66baaa793",
        "type": "github"
      },
      "original": {
        "dir": "source-flake/nixpkgs",
        "owner": "br4ch1st0chr0n3",
        "repo": "flakes",
        "type": "github"
      }
    },
    "nixpkgs__12": {
      "inputs": {
        "nixpkgs": "nixpkgs_15"
      },
      "locked": {
        "dir": "source-flake/nixpkgs",
        "lastModified": 1668761882,
        "narHash": "sha256-QIONU02axD/5/H1EJTJPBnTw11yOIaJ7K8T4bIZHxow=",
        "owner": "br4ch1st0chr0n3",
        "repo": "flakes",
        "rev": "72094f5c12c1b09d0589892067d80b046917355f",
        "type": "github"
      },
      "original": {
        "dir": "source-flake/nixpkgs",
        "owner": "br4ch1st0chr0n3",
        "repo": "flakes",
        "type": "github"
      }
    },
    "nixpkgs__2": {
      "inputs": {
        "nixpkgs": "nixpkgs_2"
      },
      "locked": {
        "dir": "source-flake/nixpkgs",
        "lastModified": 1668761646,
        "narHash": "sha256-BgIhaGYnOG32Zkf9M3T0J2IVz0XmsI7v5FtlMgC0B9I=",
        "owner": "br4ch1st0chr0n3",
        "repo": "flakes",
        "rev": "f1b151c0fe435a89583a1a4a2462d3ad0ae19aee",
        "type": "github"
      },
      "original": {
        "dir": "source-flake/nixpkgs",
        "owner": "br4ch1st0chr0n3",
        "repo": "flakes",
        "type": "github"
      }
    },
    "nixpkgs__3": {
      "inputs": {
        "nixpkgs": "nixpkgs_3"
      },
      "locked": {
        "dir": "source-flake/nixpkgs",
        "lastModified": 1668761882,
        "narHash": "sha256-QIONU02axD/5/H1EJTJPBnTw11yOIaJ7K8T4bIZHxow=",
        "owner": "br4ch1st0chr0n3",
        "repo": "flakes",
        "rev": "72094f5c12c1b09d0589892067d80b046917355f",
        "type": "github"
      },
      "original": {
        "dir": "source-flake/nixpkgs",
        "owner": "br4ch1st0chr0n3",
        "repo": "flakes",
        "type": "github"
      }
    },
    "nixpkgs__4": {
      "inputs": {
        "nixpkgs": "nixpkgs_4"
      },
      "locked": {
        "dir": "source-flake/nixpkgs",
        "lastModified": 1668761646,
        "narHash": "sha256-BgIhaGYnOG32Zkf9M3T0J2IVz0XmsI7v5FtlMgC0B9I=",
        "owner": "br4ch1st0chr0n3",
        "repo": "flakes",
        "rev": "f1b151c0fe435a89583a1a4a2462d3ad0ae19aee",
        "type": "github"
      },
      "original": {
        "dir": "source-flake/nixpkgs",
        "owner": "br4ch1st0chr0n3",
        "repo": "flakes",
        "type": "github"
      }
    },
    "nixpkgs__5": {
      "inputs": {
        "nixpkgs": "nixpkgs_5"
      },
      "locked": {
        "dir": "source-flake/nixpkgs",
        "lastModified": 1668761882,
        "narHash": "sha256-QIONU02axD/5/H1EJTJPBnTw11yOIaJ7K8T4bIZHxow=",
        "owner": "br4ch1st0chr0n3",
        "repo": "flakes",
        "rev": "72094f5c12c1b09d0589892067d80b046917355f",
        "type": "github"
      },
      "original": {
        "dir": "source-flake/nixpkgs",
        "owner": "br4ch1st0chr0n3",
        "repo": "flakes",
        "type": "github"
      }
    },
    "nixpkgs__6": {
      "inputs": {
        "nixpkgs": "nixpkgs_6"
      },
      "locked": {
        "dir": "source-flake/nixpkgs",
        "lastModified": 1668761646,
        "narHash": "sha256-BgIhaGYnOG32Zkf9M3T0J2IVz0XmsI7v5FtlMgC0B9I=",
        "owner": "br4ch1st0chr0n3",
        "repo": "flakes",
        "rev": "f1b151c0fe435a89583a1a4a2462d3ad0ae19aee",
        "type": "github"
      },
      "original": {
        "dir": "source-flake/nixpkgs",
        "owner": "br4ch1st0chr0n3",
        "repo": "flakes",
        "type": "github"
      }
    },
    "nixpkgs__7": {
      "inputs": {
        "nixpkgs": "nixpkgs_8"
      },
      "locked": {
        "dir": "source-flake/nixpkgs",
        "lastModified": 1668761646,
        "narHash": "sha256-BgIhaGYnOG32Zkf9M3T0J2IVz0XmsI7v5FtlMgC0B9I=",
        "owner": "br4ch1st0chr0n3",
        "repo": "flakes",
        "rev": "f1b151c0fe435a89583a1a4a2462d3ad0ae19aee",
        "type": "github"
      },
      "original": {
        "dir": "source-flake/nixpkgs",
        "owner": "br4ch1st0chr0n3",
        "repo": "flakes",
        "type": "github"
      }
    },
    "nixpkgs__8": {
      "inputs": {
        "nixpkgs": "nixpkgs_9"
      },
      "locked": {
        "dir": "source-flake/nixpkgs",
        "lastModified": 1668761882,
        "narHash": "sha256-QIONU02axD/5/H1EJTJPBnTw11yOIaJ7K8T4bIZHxow=",
        "owner": "br4ch1st0chr0n3",
        "repo": "flakes",
        "rev": "72094f5c12c1b09d0589892067d80b046917355f",
        "type": "github"
      },
      "original": {
        "dir": "source-flake/nixpkgs",
        "owner": "br4ch1st0chr0n3",
        "repo": "flakes",
        "type": "github"
      }
    },
    "nixpkgs__9": {
      "inputs": {
        "nixpkgs": "nixpkgs_10"
      },
      "locked": {
        "dir": "source-flake/nixpkgs",
        "lastModified": 1664932829,
        "narHash": "sha256-EF7wByq47Gy7JNDzQ4HgAZcIWoGiIkDN8Iow1/ej51s=",
        "owner": "br4ch1st0chr0n3",
        "repo": "flakes",
        "rev": "2f8ed86b7f8ec2dee5bd10e0f1647e40026bc9b7",
        "type": "github"
      },
      "original": {
        "dir": "source-flake/nixpkgs",
        "owner": "br4ch1st0chr0n3",
        "repo": "flakes",
        "type": "github"
      }
    },
    "purescript-tools": {
      "inputs": {
        "flake-utils": [
          "purescript-tools",
          "flake-utils_",
          "flake-utils"
        ],
        "flake-utils_": "flake-utils__11",
        "nixpkgs": [
          "purescript-tools",
          "nixpkgs_",
          "nixpkgs"
        ],
        "nixpkgs_": "nixpkgs__12"
      },
      "locked": {
        "dir": "language-tools/purescript",
        "lastModified": 1668761976,
        "narHash": "sha256-k+8RzDzccUCLNy0WjBEt7/1chp0GRuYUhaTICeOAuTg=",
        "owner": "br4ch1st0chr0n3",
        "repo": "flakes",
        "rev": "bf7f20e2bdebb12d962cdc8199ad33b66baaa793",
        "type": "github"
      },
      "original": {
        "dir": "language-tools/purescript",
        "owner": "br4ch1st0chr0n3",
        "repo": "flakes",
        "type": "github"
      }
    },
    "root": {
      "inputs": {
        "drv-tools": "drv-tools",
        "flake-utils": [
          "flake-utils_",
          "flake-utils"
        ],
        "flake-utils_": "flake-utils__2",
        "flakes-tools": "flakes-tools",
        "haskell-tools": "haskell-tools",
        "my-codium": "my-codium",
        "my-devshell": "my-devshell_2",
        "nixpkgs": [
          "nixpkgs_",
          "nixpkgs"
        ],
        "nixpkgs_": "nixpkgs__11",
        "purescript-tools": "purescript-tools",
        "vscode-extensions": [
          "vscode-extensions_",
          "vscode-extensions"
        ],
        "vscode-extensions_": "vscode-extensions__2"
      }
    },
    "vscode-extensions": {
      "inputs": {
        "flake-utils": "flake-utils_11",
        "nixpkgs": "nixpkgs_11"
      },
      "locked": {
        "lastModified": 1667879480,
        "narHash": "sha256-M3Dz5anGkFpQScU/oiwhxTw3QqKHEIdNuICPjJqH/Ps=",
        "owner": "br4ch1st0chr0n3",
        "repo": "nix-vscode-extensions",
        "rev": "8f37966352f94e0a76d8daef18b00949e555fdc4",
        "type": "github"
      },
      "original": {
        "owner": "br4ch1st0chr0n3",
        "repo": "nix-vscode-extensions",
        "rev": "8f37966352f94e0a76d8daef18b00949e555fdc4",
        "type": "github"
      }
    },
    "vscode-extensions-selected": {
      "inputs": {
        "flake-utils": [
          "my-codium",
          "vscode-extensions-selected_",
          "vscode-extensions-selected",
          "flake-utils_",
          "flake-utils"
        ],
        "flake-utils_": "flake-utils__9",
        "nixpkgs": [
          "my-codium",
          "vscode-extensions-selected_",
          "vscode-extensions-selected",
          "nixpkgs_",
          "nixpkgs"
        ],
        "nixpkgs_": "nixpkgs__9"
      },
      "locked": {
        "lastModified": 1667501693,
        "narHash": "sha256-0DoL3wPtGzMM7kEJ6Q+QAOv4EAVaCAfZuydVOgiN0Ow=",
        "owner": "br4ch1st0chr0n3",
        "repo": "nix-vscode-extensions",
        "rev": "b927db88c79e461e1e6e8ba75e1ad3c512c4b73a",
        "type": "github"
      },
      "original": {
        "owner": "br4ch1st0chr0n3",
        "repo": "nix-vscode-extensions",
        "rev": "b927db88c79e461e1e6e8ba75e1ad3c512c4b73a",
        "type": "github"
      }
    },
    "vscode-extensions-selected_": {
      "inputs": {
        "vscode-extensions-selected": "vscode-extensions-selected"
      },
      "locked": {
        "dir": "source-flake/vscode-extensions-selected",
        "lastModified": 1668761882,
        "narHash": "sha256-QIONU02axD/5/H1EJTJPBnTw11yOIaJ7K8T4bIZHxow=",
        "owner": "br4ch1st0chr0n3",
        "repo": "flakes",
        "rev": "72094f5c12c1b09d0589892067d80b046917355f",
        "type": "github"
      },
      "original": {
        "dir": "source-flake/vscode-extensions-selected",
        "owner": "br4ch1st0chr0n3",
        "repo": "flakes",
        "type": "github"
      }
    },
    "vscode-extensions_": {
      "inputs": {
        "vscode-extensions": "vscode-extensions"
      },
      "locked": {
        "dir": "source-flake/vscode-extensions",
        "lastModified": 1668761882,
        "narHash": "sha256-QIONU02axD/5/H1EJTJPBnTw11yOIaJ7K8T4bIZHxow=",
        "owner": "br4ch1st0chr0n3",
        "repo": "flakes",
        "rev": "72094f5c12c1b09d0589892067d80b046917355f",
        "type": "github"
      },
      "original": {
        "dir": "source-flake/vscode-extensions",
        "owner": "br4ch1st0chr0n3",
        "repo": "flakes",
        "type": "github"
      }
    },
    "vscode-extensions_2": {
      "inputs": {
        "flake-utils": "flake-utils_15",
        "nixpkgs": "nixpkgs_16"
      },
      "locked": {
        "lastModified": 1667879480,
        "narHash": "sha256-M3Dz5anGkFpQScU/oiwhxTw3QqKHEIdNuICPjJqH/Ps=",
        "owner": "br4ch1st0chr0n3",
        "repo": "nix-vscode-extensions",
        "rev": "8f37966352f94e0a76d8daef18b00949e555fdc4",
        "type": "github"
      },
      "original": {
        "owner": "br4ch1st0chr0n3",
        "repo": "nix-vscode-extensions",
        "rev": "8f37966352f94e0a76d8daef18b00949e555fdc4",
        "type": "github"
      }
    },
    "vscode-extensions__2": {
      "inputs": {
        "vscode-extensions": "vscode-extensions_2"
      },
      "locked": {
        "dir": "source-flake/vscode-extensions",
        "lastModified": 1668761976,
        "narHash": "sha256-k+8RzDzccUCLNy0WjBEt7/1chp0GRuYUhaTICeOAuTg=",
        "owner": "br4ch1st0chr0n3",
        "repo": "flakes",
        "rev": "bf7f20e2bdebb12d962cdc8199ad33b66baaa793",
        "type": "github"
      },
      "original": {
        "dir": "source-flake/vscode-extensions",
        "owner": "br4ch1st0chr0n3",
        "repo": "flakes",
        "type": "github"
      }
    }
  },
  "root": "root",
  "version": 7
}
