{
  "nodes": {
    "flakes": {
      "locked": {
        "lastModified": 1689781576,
        "narHash": "sha256-QTVsNbo2PZXc+ecuBWDti7hglaNQi5DB+4ExTs/9fHM=",
        "owner": "deemp",
        "repo": "flakes",
        "rev": "0bc91d0904006824e1e9b2b8fa7335a200d805de",
        "type": "github"
      },
      "original": {
        "owner": "deemp",
        "repo": "flakes",
        "type": "github"
      }
    },
    "root": {
      "inputs": {
        "flakes": "flakes"
      }
    }
  },
  "root": "root",
  "version": 7
}
