{
  "nodes": {
    "cachix": {
      "locked": {
        "lastModified": 1665647492,
        "narHash": "sha256-lmVz/50ODqV4h08Xc8dpATwgD1pO/fou+M2KrSXBHSQ=",
        "owner": "cachix",
        "repo": "cachix",
        "rev": "f6fe5df6d96e45359a1e5c448272cfc7e0566da0",
        "type": "github"
      },
      "original": {
        "owner": "cachix",
        "repo": "cachix",
        "rev": "f6fe5df6d96e45359a1e5c448272cfc7e0566da0",
        "type": "github"
      }
    },
    "cachix_": {
      "inputs": {
        "cachix": "cachix"
      },
      "locked": {
        "dir": "source-flake/cachix",
        "lastModified": 1667849197,
        "narHash": "sha256-qQX7R3CODNxBnikAKinv/TAyW5Lwq6nU5qt0mNbFJHQ=",
        "owner": "br4ch1st0chr0n3",
        "repo": "flakes",
        "rev": "c61faa3789497802a951828e1a0fecfcf2a64e5e",
        "type": "github"
      },
      "original": {
        "dir": "source-flake/cachix",
        "owner": "br4ch1st0chr0n3",
        "repo": "flakes",
        "type": "github"
      }
    },
    "drv-tools": {
      "inputs": {
        "flake-utils": [
          "drv-tools",
          "flake-utils_",
          "flake-utils"
        ],
        "flake-utils_": "flake-utils_",
        "nixpkgs": [
          "drv-tools",
          "nixpkgs_",
          "nixpkgs"
        ],
        "nixpkgs_": "nixpkgs_"
      },
      "locked": {
        "dir": "drv-tools",
        "lastModified": 1667849258,
        "narHash": "sha256-hlIsIgAKygqfO9JDgLynqsRjZEu4znenzTryYWUs4rw=",
        "owner": "br4ch1st0chr0n3",
        "repo": "flakes",
        "rev": "8daf0e7fe81db8f594d40781962cbfa045c307de",
        "type": "github"
      },
      "original": {
        "dir": "drv-tools",
        "owner": "br4ch1st0chr0n3",
        "repo": "flakes",
        "type": "github"
      }
    },
    "drv-tools_2": {
      "inputs": {
        "flake-utils": [
          "flake-tools",
          "drv-tools",
          "flake-utils_",
          "flake-utils"
        ],
        "flake-utils_": "flake-utils__2",
        "nixpkgs": [
          "flake-tools",
          "drv-tools",
          "nixpkgs_",
          "nixpkgs"
        ],
        "nixpkgs_": "nixpkgs__2"
      },
      "locked": {
        "dir": "drv-tools",
        "lastModified": 1667849197,
        "narHash": "sha256-qQX7R3CODNxBnikAKinv/TAyW5Lwq6nU5qt0mNbFJHQ=",
        "owner": "br4ch1st0chr0n3",
        "repo": "flakes",
        "rev": "c61faa3789497802a951828e1a0fecfcf2a64e5e",
        "type": "github"
      },
      "original": {
        "dir": "drv-tools",
        "owner": "br4ch1st0chr0n3",
        "repo": "flakes",
        "type": "github"
      }
    },
    "drv-tools_3": {
      "inputs": {
        "flake-utils": [
          "my-codium",
          "drv-tools",
          "flake-utils_",
          "flake-utils"
        ],
        "flake-utils_": "flake-utils__6",
        "nixpkgs": [
          "my-codium",
          "drv-tools",
          "nixpkgs_",
          "nixpkgs"
        ],
        "nixpkgs_": "nixpkgs__6"
      },
      "locked": {
        "dir": "drv-tools",
        "lastModified": 1667849197,
        "narHash": "sha256-qQX7R3CODNxBnikAKinv/TAyW5Lwq6nU5qt0mNbFJHQ=",
        "owner": "br4ch1st0chr0n3",
        "repo": "flakes",
        "rev": "c61faa3789497802a951828e1a0fecfcf2a64e5e",
        "type": "github"
      },
      "original": {
        "dir": "drv-tools",
        "owner": "br4ch1st0chr0n3",
        "repo": "flakes",
        "type": "github"
      }
    },
    "flake-tools": {
      "inputs": {
        "cachix": [
          "flake-tools",
          "cachix_",
          "cachix"
        ],
        "cachix_": "cachix_",
        "drv-tools": "drv-tools_2",
        "flake-utils": [
          "flake-tools",
          "flake-utils_",
          "flake-utils"
        ],
        "flake-utils_": "flake-utils__3",
        "nixpkgs": [
          "flake-tools",
          "nixpkgs_",
          "nixpkgs"
        ],
        "nixpkgs_": "nixpkgs__3"
      },
      "locked": {
        "dir": "flake-tools",
        "lastModified": 1667849258,
        "narHash": "sha256-hlIsIgAKygqfO9JDgLynqsRjZEu4znenzTryYWUs4rw=",
        "owner": "br4ch1st0chr0n3",
        "repo": "flakes",
        "rev": "8daf0e7fe81db8f594d40781962cbfa045c307de",
        "type": "github"
      },
      "original": {
        "dir": "flake-tools",
        "owner": "br4ch1st0chr0n3",
        "repo": "flakes",
        "type": "github"
      }
    },
    "flake-utils": {
      "locked": {
        "lastModified": 1667395993,
        "narHash": "sha256-nuEHfE/LcWyuSWnS8t12N1wc105Qtau+/OdUAjtQ0rA=",
        "owner": "numtide",
        "repo": "flake-utils",
        "rev": "5aed5285a952e0b949eb3ba02c12fa4fcfef535f",
        "type": "github"
      },
      "original": {
        "owner": "numtide",
        "repo": "flake-utils",
        "type": "github"
      }
    },
    "flake-utils_": {
      "inputs": {
        "flake-utils": "flake-utils"
      },
      "locked": {
        "dir": "source-flake/flake-utils",
        "lastModified": 1667849197,
        "narHash": "sha256-qQX7R3CODNxBnikAKinv/TAyW5Lwq6nU5qt0mNbFJHQ=",
        "owner": "br4ch1st0chr0n3",
        "repo": "flakes",
        "rev": "c61faa3789497802a951828e1a0fecfcf2a64e5e",
        "type": "github"
      },
      "original": {
        "dir": "source-flake/flake-utils",
        "owner": "br4ch1st0chr0n3",
        "repo": "flakes",
        "type": "github"
      }
    },
    "flake-utils_10": {
      "locked": {
        "lastModified": 1667395993,
        "narHash": "sha256-nuEHfE/LcWyuSWnS8t12N1wc105Qtau+/OdUAjtQ0rA=",
        "owner": "numtide",
        "repo": "flake-utils",
        "rev": "5aed5285a952e0b949eb3ba02c12fa4fcfef535f",
        "type": "github"
      },
      "original": {
        "owner": "numtide",
        "repo": "flake-utils",
        "type": "github"
      }
    },
    "flake-utils_11": {
      "locked": {
        "lastModified": 1659877975,
        "narHash": "sha256-zllb8aq3YO3h8B/U0/J1WBgAL8EX5yWf5pMj3G0NAmc=",
        "owner": "numtide",
        "repo": "flake-utils",
        "rev": "c0e246b9b83f637f4681389ecabcb2681b4f3af0",
        "type": "github"
      },
      "original": {
        "owner": "numtide",
        "repo": "flake-utils",
        "type": "github"
      }
    },
    "flake-utils_2": {
      "locked": {
        "lastModified": 1667395993,
        "narHash": "sha256-nuEHfE/LcWyuSWnS8t12N1wc105Qtau+/OdUAjtQ0rA=",
        "owner": "numtide",
        "repo": "flake-utils",
        "rev": "5aed5285a952e0b949eb3ba02c12fa4fcfef535f",
        "type": "github"
      },
      "original": {
        "owner": "numtide",
        "repo": "flake-utils",
        "type": "github"
      }
    },
    "flake-utils_3": {
      "locked": {
        "lastModified": 1667395993,
        "narHash": "sha256-nuEHfE/LcWyuSWnS8t12N1wc105Qtau+/OdUAjtQ0rA=",
        "owner": "numtide",
        "repo": "flake-utils",
        "rev": "5aed5285a952e0b949eb3ba02c12fa4fcfef535f",
        "type": "github"
      },
      "original": {
        "owner": "numtide",
        "repo": "flake-utils",
        "type": "github"
      }
    },
    "flake-utils_4": {
      "locked": {
        "lastModified": 1667395993,
        "narHash": "sha256-nuEHfE/LcWyuSWnS8t12N1wc105Qtau+/OdUAjtQ0rA=",
        "owner": "numtide",
        "repo": "flake-utils",
        "rev": "5aed5285a952e0b949eb3ba02c12fa4fcfef535f",
        "type": "github"
      },
      "original": {
        "owner": "numtide",
        "repo": "flake-utils",
        "type": "github"
      }
    },
    "flake-utils_5": {
      "locked": {
        "lastModified": 1667395993,
        "narHash": "sha256-nuEHfE/LcWyuSWnS8t12N1wc105Qtau+/OdUAjtQ0rA=",
        "owner": "numtide",
        "repo": "flake-utils",
        "rev": "5aed5285a952e0b949eb3ba02c12fa4fcfef535f",
        "type": "github"
      },
      "original": {
        "owner": "numtide",
        "repo": "flake-utils",
        "type": "github"
      }
    },
    "flake-utils_6": {
      "locked": {
        "lastModified": 1667395993,
        "narHash": "sha256-nuEHfE/LcWyuSWnS8t12N1wc105Qtau+/OdUAjtQ0rA=",
        "owner": "numtide",
        "repo": "flake-utils",
        "rev": "5aed5285a952e0b949eb3ba02c12fa4fcfef535f",
        "type": "github"
      },
      "original": {
        "owner": "numtide",
        "repo": "flake-utils",
        "type": "github"
      }
    },
    "flake-utils_7": {
      "locked": {
        "lastModified": 1667395993,
        "narHash": "sha256-nuEHfE/LcWyuSWnS8t12N1wc105Qtau+/OdUAjtQ0rA=",
        "owner": "numtide",
        "repo": "flake-utils",
        "rev": "5aed5285a952e0b949eb3ba02c12fa4fcfef535f",
        "type": "github"
      },
      "original": {
        "owner": "numtide",
        "repo": "flake-utils",
        "type": "github"
      }
    },
    "flake-utils_8": {
      "locked": {
        "lastModified": 1659877975,
        "narHash": "sha256-zllb8aq3YO3h8B/U0/J1WBgAL8EX5yWf5pMj3G0NAmc=",
        "owner": "numtide",
        "repo": "flake-utils",
        "rev": "c0e246b9b83f637f4681389ecabcb2681b4f3af0",
        "type": "github"
      },
      "original": {
        "owner": "numtide",
        "repo": "flake-utils",
        "type": "github"
      }
    },
    "flake-utils_9": {
      "locked": {
        "lastModified": 1659877975,
        "narHash": "sha256-zllb8aq3YO3h8B/U0/J1WBgAL8EX5yWf5pMj3G0NAmc=",
        "owner": "numtide",
        "repo": "flake-utils",
        "rev": "c0e246b9b83f637f4681389ecabcb2681b4f3af0",
        "type": "github"
      },
      "original": {
        "owner": "numtide",
        "repo": "flake-utils",
        "type": "github"
      }
    },
    "flake-utils__2": {
      "inputs": {
        "flake-utils": "flake-utils_2"
      },
      "locked": {
        "dir": "source-flake/flake-utils",
        "lastModified": 1667847969,
        "narHash": "sha256-b6SFU++S09YNf5f+B/C9WI1O0AdhIT/3opliw7cOJOE=",
        "owner": "br4ch1st0chr0n3",
        "repo": "flakes",
        "rev": "21cd1dd3634d0a5c9e641a4c1be6c7acc0453efe",
        "type": "github"
      },
      "original": {
        "dir": "source-flake/flake-utils",
        "owner": "br4ch1st0chr0n3",
        "repo": "flakes",
        "type": "github"
      }
    },
    "flake-utils__3": {
      "inputs": {
        "flake-utils": "flake-utils_3"
      },
      "locked": {
        "dir": "source-flake/flake-utils",
        "lastModified": 1667849197,
        "narHash": "sha256-qQX7R3CODNxBnikAKinv/TAyW5Lwq6nU5qt0mNbFJHQ=",
        "owner": "br4ch1st0chr0n3",
        "repo": "flakes",
        "rev": "c61faa3789497802a951828e1a0fecfcf2a64e5e",
        "type": "github"
      },
      "original": {
        "dir": "source-flake/flake-utils",
        "owner": "br4ch1st0chr0n3",
        "repo": "flakes",
        "type": "github"
      }
    },
    "flake-utils__4": {
      "inputs": {
        "flake-utils": "flake-utils_4"
      },
      "locked": {
        "dir": "source-flake/flake-utils",
        "lastModified": 1667849258,
        "narHash": "sha256-hlIsIgAKygqfO9JDgLynqsRjZEu4znenzTryYWUs4rw=",
        "owner": "br4ch1st0chr0n3",
        "repo": "flakes",
        "rev": "8daf0e7fe81db8f594d40781962cbfa045c307de",
        "type": "github"
      },
      "original": {
        "dir": "source-flake/flake-utils",
        "owner": "br4ch1st0chr0n3",
        "repo": "flakes",
        "type": "github"
      }
    },
    "flake-utils__5": {
      "inputs": {
        "flake-utils": "flake-utils_5"
      },
      "locked": {
        "dir": "source-flake/flake-utils",
        "lastModified": 1667849197,
        "narHash": "sha256-qQX7R3CODNxBnikAKinv/TAyW5Lwq6nU5qt0mNbFJHQ=",
        "owner": "br4ch1st0chr0n3",
        "repo": "flakes",
        "rev": "c61faa3789497802a951828e1a0fecfcf2a64e5e",
        "type": "github"
      },
      "original": {
        "dir": "source-flake/flake-utils",
        "owner": "br4ch1st0chr0n3",
        "repo": "flakes",
        "type": "github"
      }
    },
    "flake-utils__6": {
      "inputs": {
        "flake-utils": "flake-utils_6"
      },
      "locked": {
        "dir": "source-flake/flake-utils",
        "lastModified": 1667847969,
        "narHash": "sha256-b6SFU++S09YNf5f+B/C9WI1O0AdhIT/3opliw7cOJOE=",
        "owner": "br4ch1st0chr0n3",
        "repo": "flakes",
        "rev": "21cd1dd3634d0a5c9e641a4c1be6c7acc0453efe",
        "type": "github"
      },
      "original": {
        "dir": "source-flake/flake-utils",
        "owner": "br4ch1st0chr0n3",
        "repo": "flakes",
        "type": "github"
      }
    },
    "flake-utils__7": {
      "inputs": {
        "flake-utils": "flake-utils_7"
      },
      "locked": {
        "dir": "source-flake/flake-utils",
        "lastModified": 1667849197,
        "narHash": "sha256-qQX7R3CODNxBnikAKinv/TAyW5Lwq6nU5qt0mNbFJHQ=",
        "owner": "br4ch1st0chr0n3",
        "repo": "flakes",
        "rev": "c61faa3789497802a951828e1a0fecfcf2a64e5e",
        "type": "github"
      },
      "original": {
        "dir": "source-flake/flake-utils",
        "owner": "br4ch1st0chr0n3",
        "repo": "flakes",
        "type": "github"
      }
    },
    "flake-utils__8": {
      "inputs": {
        "flake-utils": "flake-utils_8"
      },
      "locked": {
        "dir": "source-flake/flake-utils",
        "lastModified": 1664932829,
        "narHash": "sha256-EF7wByq47Gy7JNDzQ4HgAZcIWoGiIkDN8Iow1/ej51s=",
        "owner": "br4ch1st0chr0n3",
        "repo": "flakes",
        "rev": "2f8ed86b7f8ec2dee5bd10e0f1647e40026bc9b7",
        "type": "github"
      },
      "original": {
        "dir": "source-flake/flake-utils",
        "owner": "br4ch1st0chr0n3",
        "repo": "flakes",
        "type": "github"
      }
    },
    "flake-utils__9": {
      "inputs": {
        "flake-utils": "flake-utils_10"
      },
      "locked": {
        "dir": "source-flake/flake-utils",
        "lastModified": 1667849197,
        "narHash": "sha256-qQX7R3CODNxBnikAKinv/TAyW5Lwq6nU5qt0mNbFJHQ=",
        "owner": "br4ch1st0chr0n3",
        "repo": "flakes",
        "rev": "c61faa3789497802a951828e1a0fecfcf2a64e5e",
        "type": "github"
      },
      "original": {
        "dir": "source-flake/flake-utils",
        "owner": "br4ch1st0chr0n3",
        "repo": "flakes",
        "type": "github"
      }
    },
    "gitignore": {
      "inputs": {
        "nixpkgs": [
          "haskell-tools",
          "gitignore_",
          "nixpkgs_",
          "nixpkgs"
        ]
      },
      "locked": {
        "lastModified": 1660459072,
        "narHash": "sha256-8DFJjXG8zqoONA1vXtgeKXy68KdJL5UaXR8NtVMUbx8=",
        "owner": "hercules-ci",
        "repo": "gitignore.nix",
        "rev": "a20de23b925fd8264fd7fad6454652e142fd7f73",
        "type": "github"
      },
      "original": {
        "owner": "hercules-ci",
        "repo": "gitignore.nix",
        "rev": "a20de23b925fd8264fd7fad6454652e142fd7f73",
        "type": "github"
      }
    },
    "gitignore_": {
      "inputs": {
        "gitignore": "gitignore",
        "nixpkgs_": "nixpkgs__4"
      },
      "locked": {
        "dir": "source-flake/gitignore",
        "lastModified": 1667849197,
        "narHash": "sha256-qQX7R3CODNxBnikAKinv/TAyW5Lwq6nU5qt0mNbFJHQ=",
        "owner": "br4ch1st0chr0n3",
        "repo": "flakes",
        "rev": "c61faa3789497802a951828e1a0fecfcf2a64e5e",
        "type": "github"
      },
      "original": {
        "dir": "source-flake/gitignore",
        "owner": "br4ch1st0chr0n3",
        "repo": "flakes",
        "type": "github"
      }
    },
    "haskell-tools": {
      "inputs": {
        "flake-utils": [
          "haskell-tools",
          "flake-utils_",
          "flake-utils"
        ],
        "flake-utils_": "flake-utils__5",
        "gitignore": [
          "haskell-tools",
          "gitignore_",
          "gitignore"
        ],
        "gitignore_": "gitignore_",
        "nixpkgs": [
          "haskell-tools",
          "nixpkgs_",
          "nixpkgs"
        ],
        "nixpkgs_": "nixpkgs__5"
      },
      "locked": {
        "dir": "language-tools/haskell",
        "lastModified": 1667849258,
        "narHash": "sha256-hlIsIgAKygqfO9JDgLynqsRjZEu4znenzTryYWUs4rw=",
        "owner": "br4ch1st0chr0n3",
        "repo": "flakes",
        "rev": "8daf0e7fe81db8f594d40781962cbfa045c307de",
        "type": "github"
      },
      "original": {
        "dir": "language-tools/haskell",
        "owner": "br4ch1st0chr0n3",
        "repo": "flakes",
        "type": "github"
      }
    },
    "my-codium": {
      "inputs": {
        "drv-tools": "drv-tools_3",
        "flake-utils": [
          "my-codium",
          "flake-utils_",
          "flake-utils"
        ],
        "flake-utils_": "flake-utils__7",
        "nixpkgs": [
          "my-codium",
          "nixpkgs_",
          "nixpkgs"
        ],
        "nixpkgs_": "nixpkgs__7",
        "vscode-extensions": [
          "my-codium",
          "vscode-extensions_",
          "vscode-extensions"
        ],
        "vscode-extensions-selected": [
          "my-codium",
          "vscode-extensions-selected_",
          "vscode-extensions-selected"
        ],
        "vscode-extensions-selected_": "vscode-extensions-selected_",
        "vscode-extensions_": "vscode-extensions_"
      },
      "locked": {
        "dir": "codium",
        "lastModified": 1667849258,
        "narHash": "sha256-hlIsIgAKygqfO9JDgLynqsRjZEu4znenzTryYWUs4rw=",
        "owner": "br4ch1st0chr0n3",
        "repo": "flakes",
        "rev": "8daf0e7fe81db8f594d40781962cbfa045c307de",
        "type": "github"
      },
      "original": {
        "dir": "codium",
        "owner": "br4ch1st0chr0n3",
        "repo": "flakes",
        "type": "github"
      }
    },
    "nixpkgs": {
      "locked": {
        "lastModified": 1663905476,
        "narHash": "sha256-0CSwRKaYravh9v6qSlBpM0gNg0UhKT2lL7Yn6Zbx7UM=",
        "owner": "NixOS",
        "repo": "nixpkgs",
        "rev": "e14f9fb57315f0d4abde222364f19f88c77d2b79",
        "type": "github"
      },
      "original": {
        "owner": "NixOS",
        "repo": "nixpkgs",
        "rev": "e14f9fb57315f0d4abde222364f19f88c77d2b79",
        "type": "github"
      }
    },
    "nixpkgs_": {
      "inputs": {
        "nixpkgs": "nixpkgs"
      },
      "locked": {
        "dir": "source-flake/nixpkgs",
        "lastModified": 1667849197,
        "narHash": "sha256-qQX7R3CODNxBnikAKinv/TAyW5Lwq6nU5qt0mNbFJHQ=",
        "owner": "br4ch1st0chr0n3",
        "repo": "flakes",
        "rev": "c61faa3789497802a951828e1a0fecfcf2a64e5e",
        "type": "github"
      },
      "original": {
        "dir": "source-flake/nixpkgs",
        "owner": "br4ch1st0chr0n3",
        "repo": "flakes",
        "type": "github"
      }
    },
    "nixpkgs_10": {
      "locked": {
        "lastModified": 1663905476,
        "narHash": "sha256-0CSwRKaYravh9v6qSlBpM0gNg0UhKT2lL7Yn6Zbx7UM=",
        "owner": "NixOS",
        "repo": "nixpkgs",
        "rev": "e14f9fb57315f0d4abde222364f19f88c77d2b79",
        "type": "github"
      },
      "original": {
        "owner": "NixOS",
        "repo": "nixpkgs",
        "rev": "e14f9fb57315f0d4abde222364f19f88c77d2b79",
        "type": "github"
      }
    },
    "nixpkgs_11": {
      "locked": {
        "lastModified": 1663905476,
        "narHash": "sha256-0CSwRKaYravh9v6qSlBpM0gNg0UhKT2lL7Yn6Zbx7UM=",
        "owner": "NixOS",
        "repo": "nixpkgs",
        "rev": "e14f9fb57315f0d4abde222364f19f88c77d2b79",
        "type": "github"
      },
      "original": {
        "owner": "NixOS",
        "repo": "nixpkgs",
        "rev": "e14f9fb57315f0d4abde222364f19f88c77d2b79",
        "type": "github"
      }
    },
    "nixpkgs_12": {
      "locked": {
        "lastModified": 1660464579,
        "narHash": "sha256-kzA9rwh0wS6CwUnFHAQ7dhJCowMPfRbvixVeOKnUmjo=",
        "owner": "NixOS",
        "repo": "nixpkgs",
        "rev": "b02538b16f6c5e1dbfce1033b27946e25c019b3b",
        "type": "github"
      },
      "original": {
        "owner": "NixOS",
        "ref": "nixpkgs-unstable",
        "repo": "nixpkgs",
        "type": "github"
      }
    },
    "nixpkgs_2": {
      "locked": {
        "lastModified": 1663905476,
        "narHash": "sha256-0CSwRKaYravh9v6qSlBpM0gNg0UhKT2lL7Yn6Zbx7UM=",
        "owner": "NixOS",
        "repo": "nixpkgs",
        "rev": "e14f9fb57315f0d4abde222364f19f88c77d2b79",
        "type": "github"
      },
      "original": {
        "owner": "NixOS",
        "repo": "nixpkgs",
        "rev": "e14f9fb57315f0d4abde222364f19f88c77d2b79",
        "type": "github"
      }
    },
    "nixpkgs_3": {
      "locked": {
        "lastModified": 1663905476,
        "narHash": "sha256-0CSwRKaYravh9v6qSlBpM0gNg0UhKT2lL7Yn6Zbx7UM=",
        "owner": "NixOS",
        "repo": "nixpkgs",
        "rev": "e14f9fb57315f0d4abde222364f19f88c77d2b79",
        "type": "github"
      },
      "original": {
        "owner": "NixOS",
        "repo": "nixpkgs",
        "rev": "e14f9fb57315f0d4abde222364f19f88c77d2b79",
        "type": "github"
      }
    },
    "nixpkgs_4": {
      "locked": {
        "lastModified": 1663905476,
        "narHash": "sha256-0CSwRKaYravh9v6qSlBpM0gNg0UhKT2lL7Yn6Zbx7UM=",
        "owner": "NixOS",
        "repo": "nixpkgs",
        "rev": "e14f9fb57315f0d4abde222364f19f88c77d2b79",
        "type": "github"
      },
      "original": {
        "owner": "NixOS",
        "repo": "nixpkgs",
        "rev": "e14f9fb57315f0d4abde222364f19f88c77d2b79",
        "type": "github"
      }
    },
    "nixpkgs_5": {
      "locked": {
        "lastModified": 1663905476,
        "narHash": "sha256-0CSwRKaYravh9v6qSlBpM0gNg0UhKT2lL7Yn6Zbx7UM=",
        "owner": "NixOS",
        "repo": "nixpkgs",
        "rev": "e14f9fb57315f0d4abde222364f19f88c77d2b79",
        "type": "github"
      },
      "original": {
        "owner": "NixOS",
        "repo": "nixpkgs",
        "rev": "e14f9fb57315f0d4abde222364f19f88c77d2b79",
        "type": "github"
      }
    },
    "nixpkgs_6": {
      "locked": {
        "lastModified": 1663905476,
        "narHash": "sha256-0CSwRKaYravh9v6qSlBpM0gNg0UhKT2lL7Yn6Zbx7UM=",
        "owner": "NixOS",
        "repo": "nixpkgs",
        "rev": "e14f9fb57315f0d4abde222364f19f88c77d2b79",
        "type": "github"
      },
      "original": {
        "owner": "NixOS",
        "repo": "nixpkgs",
        "rev": "e14f9fb57315f0d4abde222364f19f88c77d2b79",
        "type": "github"
      }
    },
    "nixpkgs_7": {
      "locked": {
        "lastModified": 1663905476,
        "narHash": "sha256-0CSwRKaYravh9v6qSlBpM0gNg0UhKT2lL7Yn6Zbx7UM=",
        "owner": "NixOS",
        "repo": "nixpkgs",
        "rev": "e14f9fb57315f0d4abde222364f19f88c77d2b79",
        "type": "github"
      },
      "original": {
        "owner": "NixOS",
        "repo": "nixpkgs",
        "rev": "e14f9fb57315f0d4abde222364f19f88c77d2b79",
        "type": "github"
      }
    },
    "nixpkgs_8": {
      "locked": {
        "lastModified": 1663905476,
        "narHash": "sha256-0CSwRKaYravh9v6qSlBpM0gNg0UhKT2lL7Yn6Zbx7UM=",
        "owner": "NixOS",
        "repo": "nixpkgs",
        "rev": "e14f9fb57315f0d4abde222364f19f88c77d2b79",
        "type": "github"
      },
      "original": {
        "owner": "NixOS",
        "repo": "nixpkgs",
        "rev": "e14f9fb57315f0d4abde222364f19f88c77d2b79",
        "type": "github"
      }
    },
    "nixpkgs_9": {
      "locked": {
        "lastModified": 1660464579,
        "narHash": "sha256-kzA9rwh0wS6CwUnFHAQ7dhJCowMPfRbvixVeOKnUmjo=",
        "owner": "NixOS",
        "repo": "nixpkgs",
        "rev": "b02538b16f6c5e1dbfce1033b27946e25c019b3b",
        "type": "github"
      },
      "original": {
        "owner": "NixOS",
        "ref": "nixpkgs-unstable",
        "repo": "nixpkgs",
        "type": "github"
      }
    },
    "nixpkgs__10": {
      "inputs": {
        "nixpkgs": "nixpkgs_11"
      },
      "locked": {
        "dir": "source-flake/nixpkgs",
        "lastModified": 1667849197,
        "narHash": "sha256-qQX7R3CODNxBnikAKinv/TAyW5Lwq6nU5qt0mNbFJHQ=",
        "owner": "br4ch1st0chr0n3",
        "repo": "flakes",
        "rev": "c61faa3789497802a951828e1a0fecfcf2a64e5e",
        "type": "github"
      },
      "original": {
        "dir": "source-flake/nixpkgs",
        "owner": "br4ch1st0chr0n3",
        "repo": "flakes",
        "type": "github"
      }
    },
    "nixpkgs__2": {
      "inputs": {
        "nixpkgs": "nixpkgs_2"
      },
      "locked": {
        "dir": "source-flake/nixpkgs",
        "lastModified": 1667847969,
        "narHash": "sha256-b6SFU++S09YNf5f+B/C9WI1O0AdhIT/3opliw7cOJOE=",
        "owner": "br4ch1st0chr0n3",
        "repo": "flakes",
        "rev": "21cd1dd3634d0a5c9e641a4c1be6c7acc0453efe",
        "type": "github"
      },
      "original": {
        "dir": "source-flake/nixpkgs",
        "owner": "br4ch1st0chr0n3",
        "repo": "flakes",
        "type": "github"
      }
    },
    "nixpkgs__3": {
      "inputs": {
        "nixpkgs": "nixpkgs_3"
      },
      "locked": {
        "dir": "source-flake/nixpkgs",
        "lastModified": 1667849197,
        "narHash": "sha256-qQX7R3CODNxBnikAKinv/TAyW5Lwq6nU5qt0mNbFJHQ=",
        "owner": "br4ch1st0chr0n3",
        "repo": "flakes",
        "rev": "c61faa3789497802a951828e1a0fecfcf2a64e5e",
        "type": "github"
      },
      "original": {
        "dir": "source-flake/nixpkgs",
        "owner": "br4ch1st0chr0n3",
        "repo": "flakes",
        "type": "github"
      }
    },
    "nixpkgs__4": {
      "inputs": {
        "nixpkgs": "nixpkgs_4"
      },
      "locked": {
        "dir": "source-flake/nixpkgs",
        "lastModified": 1667847969,
        "narHash": "sha256-b6SFU++S09YNf5f+B/C9WI1O0AdhIT/3opliw7cOJOE=",
        "owner": "br4ch1st0chr0n3",
        "repo": "flakes",
        "rev": "21cd1dd3634d0a5c9e641a4c1be6c7acc0453efe",
        "type": "github"
      },
      "original": {
        "dir": "source-flake/nixpkgs",
        "owner": "br4ch1st0chr0n3",
        "repo": "flakes",
        "type": "github"
      }
    },
    "nixpkgs__5": {
      "inputs": {
        "nixpkgs": "nixpkgs_5"
      },
      "locked": {
        "dir": "source-flake/nixpkgs",
        "lastModified": 1667849197,
        "narHash": "sha256-qQX7R3CODNxBnikAKinv/TAyW5Lwq6nU5qt0mNbFJHQ=",
        "owner": "br4ch1st0chr0n3",
        "repo": "flakes",
        "rev": "c61faa3789497802a951828e1a0fecfcf2a64e5e",
        "type": "github"
      },
      "original": {
        "dir": "source-flake/nixpkgs",
        "owner": "br4ch1st0chr0n3",
        "repo": "flakes",
        "type": "github"
      }
    },
    "nixpkgs__6": {
      "inputs": {
        "nixpkgs": "nixpkgs_6"
      },
      "locked": {
        "dir": "source-flake/nixpkgs",
        "lastModified": 1667847969,
        "narHash": "sha256-b6SFU++S09YNf5f+B/C9WI1O0AdhIT/3opliw7cOJOE=",
        "owner": "br4ch1st0chr0n3",
        "repo": "flakes",
        "rev": "21cd1dd3634d0a5c9e641a4c1be6c7acc0453efe",
        "type": "github"
      },
      "original": {
        "dir": "source-flake/nixpkgs",
        "owner": "br4ch1st0chr0n3",
        "repo": "flakes",
        "type": "github"
      }
    },
    "nixpkgs__7": {
      "inputs": {
        "nixpkgs": "nixpkgs_7"
      },
      "locked": {
        "dir": "source-flake/nixpkgs",
        "lastModified": 1667849197,
        "narHash": "sha256-qQX7R3CODNxBnikAKinv/TAyW5Lwq6nU5qt0mNbFJHQ=",
        "owner": "br4ch1st0chr0n3",
        "repo": "flakes",
        "rev": "c61faa3789497802a951828e1a0fecfcf2a64e5e",
        "type": "github"
      },
      "original": {
        "dir": "source-flake/nixpkgs",
        "owner": "br4ch1st0chr0n3",
        "repo": "flakes",
        "type": "github"
      }
    },
    "nixpkgs__8": {
      "inputs": {
        "nixpkgs": "nixpkgs_8"
      },
      "locked": {
        "dir": "source-flake/nixpkgs",
        "lastModified": 1664932829,
        "narHash": "sha256-EF7wByq47Gy7JNDzQ4HgAZcIWoGiIkDN8Iow1/ej51s=",
        "owner": "br4ch1st0chr0n3",
        "repo": "flakes",
        "rev": "2f8ed86b7f8ec2dee5bd10e0f1647e40026bc9b7",
        "type": "github"
      },
      "original": {
        "dir": "source-flake/nixpkgs",
        "owner": "br4ch1st0chr0n3",
        "repo": "flakes",
        "type": "github"
      }
    },
    "nixpkgs__9": {
      "inputs": {
        "nixpkgs": "nixpkgs_10"
      },
      "locked": {
        "dir": "source-flake/nixpkgs",
        "lastModified": 1667849258,
        "narHash": "sha256-hlIsIgAKygqfO9JDgLynqsRjZEu4znenzTryYWUs4rw=",
        "owner": "br4ch1st0chr0n3",
        "repo": "flakes",
        "rev": "8daf0e7fe81db8f594d40781962cbfa045c307de",
        "type": "github"
      },
      "original": {
        "dir": "source-flake/nixpkgs",
        "owner": "br4ch1st0chr0n3",
        "repo": "flakes",
        "type": "github"
      }
    },
    "purescript-tools": {
      "inputs": {
        "flake-utils": [
          "purescript-tools",
          "flake-utils_",
          "flake-utils"
        ],
        "flake-utils_": "flake-utils__9",
        "nixpkgs": [
          "purescript-tools",
          "nixpkgs_",
          "nixpkgs"
        ],
        "nixpkgs_": "nixpkgs__10"
      },
      "locked": {
        "dir": "language-tools/purescript",
        "lastModified": 1667849258,
        "narHash": "sha256-hlIsIgAKygqfO9JDgLynqsRjZEu4znenzTryYWUs4rw=",
        "owner": "br4ch1st0chr0n3",
        "repo": "flakes",
        "rev": "8daf0e7fe81db8f594d40781962cbfa045c307de",
        "type": "github"
      },
      "original": {
        "dir": "language-tools/purescript",
        "owner": "br4ch1st0chr0n3",
        "repo": "flakes",
        "type": "github"
      }
    },
    "root": {
      "inputs": {
        "drv-tools": "drv-tools",
        "flake-tools": "flake-tools",
        "flake-utils": [
          "flake-utils_",
          "flake-utils"
        ],
        "flake-utils_": "flake-utils__4",
        "haskell-tools": "haskell-tools",
        "my-codium": "my-codium",
        "nixpkgs": [
          "nixpkgs_",
          "nixpkgs"
        ],
        "nixpkgs_": "nixpkgs__9",
        "purescript-tools": "purescript-tools",
        "vscode-extensions": [
          "vscode-extensions_",
          "vscode-extensions"
        ],
        "vscode-extensions_": "vscode-extensions__2"
      }
    },
    "vscode-extensions": {
      "inputs": {
        "flake-utils": "flake-utils_9",
        "nixpkgs": "nixpkgs_9"
      },
      "locked": {
        "lastModified": 1667832763,
        "narHash": "sha256-M3Dz5anGkFpQScU/oiwhxTw3QqKHEIdNuICPjJqH/Ps=",
        "owner": "br4ch1st0chr0n3",
        "repo": "nix-vscode-extensions",
        "rev": "c09aa4c6ee49d72907b7b2bdf430738c822f6ebc",
        "type": "github"
      },
      "original": {
        "owner": "br4ch1st0chr0n3",
        "ref": "master",
        "repo": "nix-vscode-extensions",
        "type": "github"
      }
    },
    "vscode-extensions-selected": {
      "inputs": {
        "flake-utils": [
          "my-codium",
          "vscode-extensions-selected_",
          "vscode-extensions-selected",
          "flake-utils_",
          "flake-utils"
        ],
        "flake-utils_": "flake-utils__8",
        "nixpkgs": [
          "my-codium",
          "vscode-extensions-selected_",
          "vscode-extensions-selected",
          "nixpkgs_",
          "nixpkgs"
        ],
        "nixpkgs_": "nixpkgs__8"
      },
      "locked": {
        "lastModified": 1667501693,
        "narHash": "sha256-0DoL3wPtGzMM7kEJ6Q+QAOv4EAVaCAfZuydVOgiN0Ow=",
        "owner": "br4ch1st0chr0n3",
        "repo": "nix-vscode-extensions",
        "rev": "b927db88c79e461e1e6e8ba75e1ad3c512c4b73a",
        "type": "github"
      },
      "original": {
        "owner": "br4ch1st0chr0n3",
        "ref": "selected",
        "repo": "nix-vscode-extensions",
        "type": "github"
      }
    },
    "vscode-extensions-selected_": {
      "inputs": {
        "vscode-extensions-selected": "vscode-extensions-selected"
      },
      "locked": {
        "dir": "source-flake/vscode-extensions-selected",
        "lastModified": 1667849197,
        "narHash": "sha256-qQX7R3CODNxBnikAKinv/TAyW5Lwq6nU5qt0mNbFJHQ=",
        "owner": "br4ch1st0chr0n3",
        "repo": "flakes",
        "rev": "c61faa3789497802a951828e1a0fecfcf2a64e5e",
        "type": "github"
      },
      "original": {
        "dir": "source-flake/vscode-extensions-selected",
        "owner": "br4ch1st0chr0n3",
        "repo": "flakes",
        "type": "github"
      }
    },
    "vscode-extensions_": {
      "inputs": {
        "vscode-extensions": "vscode-extensions"
      },
      "locked": {
        "dir": "source-flake/vscode-extensions",
        "lastModified": 1667849197,
        "narHash": "sha256-qQX7R3CODNxBnikAKinv/TAyW5Lwq6nU5qt0mNbFJHQ=",
        "owner": "br4ch1st0chr0n3",
        "repo": "flakes",
        "rev": "c61faa3789497802a951828e1a0fecfcf2a64e5e",
        "type": "github"
      },
      "original": {
        "dir": "source-flake/vscode-extensions",
        "owner": "br4ch1st0chr0n3",
        "repo": "flakes",
        "type": "github"
      }
    },
    "vscode-extensions_2": {
      "inputs": {
        "flake-utils": "flake-utils_11",
        "nixpkgs": "nixpkgs_12"
      },
      "locked": {
        "lastModified": 1667832763,
        "narHash": "sha256-M3Dz5anGkFpQScU/oiwhxTw3QqKHEIdNuICPjJqH/Ps=",
        "owner": "br4ch1st0chr0n3",
        "repo": "nix-vscode-extensions",
        "rev": "c09aa4c6ee49d72907b7b2bdf430738c822f6ebc",
        "type": "github"
      },
      "original": {
        "owner": "br4ch1st0chr0n3",
        "ref": "master",
        "repo": "nix-vscode-extensions",
        "type": "github"
      }
    },
    "vscode-extensions__2": {
      "inputs": {
        "vscode-extensions": "vscode-extensions_2"
      },
      "locked": {
        "dir": "source-flake/vscode-extensions",
        "lastModified": 1667849258,
        "narHash": "sha256-hlIsIgAKygqfO9JDgLynqsRjZEu4znenzTryYWUs4rw=",
        "owner": "br4ch1st0chr0n3",
        "repo": "flakes",
        "rev": "8daf0e7fe81db8f594d40781962cbfa045c307de",
        "type": "github"
      },
      "original": {
        "dir": "source-flake/vscode-extensions",
        "owner": "br4ch1st0chr0n3",
        "repo": "flakes",
        "type": "github"
      }
    }
  },
  "root": "root",
  "version": 7
}
