# This file was autogenerated by Stack.
# You should not edit this file by hand.
# For more information, please see the documentation at:
#   https://docs.haskellstack.org/en/stable/lock_files

packages:
- completed:
    hackage: miso-1.8.0.0@sha256:090e8702d6ffd096e79ea083f5f3293737e3ec44a68b21b8013dc445b92064f0,4339
    pantry-tree:
      size: 3178
      sha256: 5f1108f4912474e3526ddd2deb23833510c5b35d2c6be690b893059e0e3dd490
  original:
    hackage: miso-1.8.0.0
- completed:
    hackage: jsaddle-0.9.8.0@sha256:d7acf2247cc93c2d8d0959eccf627077c4175c81b762c8d107c7006dda662d05,4418
    pantry-tree:
      size: 4329
      sha256: 45c8931120722d76150dc14b4092eeef73002a4c3bab6ac1b5b40650dd4b9b0f
  original:
    hackage: jsaddle-0.9.8.0@sha256:d7acf2247cc93c2d8d0959eccf627077c4175c81b762c8d107c7006dda662d05,4418
- completed:
    hackage: ref-tf-0.4.0.2@sha256:69de3550250e0cd69f45d080359cb314a9487c915024349c75b78732bbee9332,1134
    pantry-tree:
      size: 211
      sha256: fc5a4a35b4c782a33f452c1dc66ffa8ddbf321e2db369bd8823c796f0d4d8c7f
  original:
    hackage: ref-tf-0.4.0.2@sha256:69de3550250e0cd69f45d080359cb314a9487c915024349c75b78732bbee9332,1134
- completed:
    hackage: jsaddle-warp-0.9.8.0@sha256:d1c75ae6ab519f923bc8a13775abd779e584bd17c96a49a76f799860bd9174e9,2713
    pantry-tree:
      size: 475
      sha256: 53d9041fc7be7cdf6eec6946af1ba51d48aaaec250edff5f9a9896b53fe5d04c
  original:
    hackage: jsaddle-warp-0.9.8.0@sha256:d1c75ae6ab519f923bc8a13775abd779e584bd17c96a49a76f799860bd9174e9,2713
- completed:
    hackage: warp-3.3.13@sha256:0db023ae6b65743a82b8ec23db60e73c6046dffa03884eae3289a248e50965ba,10798
    pantry-tree:
      size: 3899
      sha256: 5242276b306a6c921fed1f4d29b4041c1ac4df0f863b535e1046ed6f3114f3c9
  original:
    hackage: warp-3.3.13@sha256:0db023ae6b65743a82b8ec23db60e73c6046dffa03884eae3289a248e50965ba,10798
- completed:
    hackage: websockets-0.12.7.1@sha256:4363a5ca794af094971266a1397807ac55d5b3124645060fb78c64ac4c88a1f1,7863
    pantry-tree:
      size: 2592
      sha256: 68e77e982cbf108cb2ad65f1075c5323ad635c2e7faa262f8475d5d4a2d25f27
  original:
    hackage: websockets-0.12.7.1
snapshots:
- completed:
    size: 532832
    url: https://raw.githubusercontent.com/commercialhaskell/stackage-snapshots/master/lts/16/23.yaml
    sha256: fbb2a0519008533924c7753bd7164ddd1009f09504eb06674acad6049b46db09
  original:
    url: https://raw.githubusercontent.com/commercialhaskell/stackage-snapshots/master/lts/16/23.yaml
