# THIS IS AN AUTOGENERATED FILE. DO NOT EDIT THIS FILE DIRECTLY.
# yarn lockfile v1


"@codemirror/autocomplete@^0.19.0":
  "integrity" "sha512-Ph1LWHtFFqNUIqEVrws6I263ihe5TH+TRBPwxQ78j7st7Q67FDAmgKX6mNbUPh02dxfqQrc9qxlo5JIqKeiVdg=="
  "resolved" "https://registry.npmjs.org/@codemirror/autocomplete/-/autocomplete-0.19.9.tgz"
  "version" "0.19.9"
  dependencies:
    "@codemirror/language" "^0.19.0"
    "@codemirror/state" "^0.19.4"
    "@codemirror/text" "^0.19.2"
    "@codemirror/tooltip" "^0.19.0"
    "@codemirror/view" "^0.19.0"
    "@lezer/common" "^0.15.0"

"@codemirror/basic-setup@^0.19.1":
  "integrity" "sha512-gLjD7YgZU/we6BzS/ecCmD3viw83dsgv5ZUaSydYbYx9X4w4w9RqYnckcJ+0GDyHfNr5Jtfv2Z5ZtFQnBj0UDA=="
  "resolved" "https://registry.npmjs.org/@codemirror/basic-setup/-/basic-setup-0.19.1.tgz"
  "version" "0.19.1"
  dependencies:
    "@codemirror/autocomplete" "^0.19.0"
    "@codemirror/closebrackets" "^0.19.0"
    "@codemirror/commands" "^0.19.0"
    "@codemirror/comment" "^0.19.0"
    "@codemirror/fold" "^0.19.0"
    "@codemirror/gutter" "^0.19.0"
    "@codemirror/highlight" "^0.19.0"
    "@codemirror/history" "^0.19.0"
    "@codemirror/language" "^0.19.0"
    "@codemirror/lint" "^0.19.0"
    "@codemirror/matchbrackets" "^0.19.0"
    "@codemirror/rectangular-selection" "^0.19.0"
    "@codemirror/search" "^0.19.0"
    "@codemirror/state" "^0.19.0"
    "@codemirror/view" "^0.19.31"

"@codemirror/closebrackets@^0.19.0":
  "integrity" "sha512-dFWX5OEVYWRNtGaifSbwIAlymnRRjxWMiMbffbAjF7p0zfGHDbdGkiT56q3Xud63h5/tQdSo5dK1iyNTzHz5vg=="
  "resolved" "https://registry.npmjs.org/@codemirror/closebrackets/-/closebrackets-0.19.0.tgz"
  "version" "0.19.0"
  dependencies:
    "@codemirror/language" "^0.19.0"
    "@codemirror/rangeset" "^0.19.0"
    "@codemirror/state" "^0.19.0"
    "@codemirror/text" "^0.19.0"
    "@codemirror/view" "^0.19.0"

"@codemirror/commands@^0.19.0", "@codemirror/commands@^0.19.6":
  "integrity" "sha512-Mjc3ZfTifOn0h5499xI3MfCVIZvO2I0ochgzxfRtPOFwfXX/k7HTgnK0/KzuGDINyxUVeDaFCkf53TyyWjdxMQ=="
  "resolved" "https://registry.npmjs.org/@codemirror/commands/-/commands-0.19.6.tgz"
  "version" "0.19.6"
  dependencies:
    "@codemirror/language" "^0.19.0"
    "@codemirror/matchbrackets" "^0.19.0"
    "@codemirror/state" "^0.19.2"
    "@codemirror/text" "^0.19.0"
    "@codemirror/view" "^0.19.22"
    "@lezer/common" "^0.15.0"

"@codemirror/comment@^0.19.0":
  "integrity" "sha512-3hqAd0548fxqOBm4khFMcXVIivX8p0bSlbAuZJ6PNoUn/0wXhxkxowPp0FmFzU2+y37Z+ZQF5cRB5EREWPRIiQ=="
  "resolved" "https://registry.npmjs.org/@codemirror/comment/-/comment-0.19.0.tgz"
  "version" "0.19.0"
  dependencies:
    "@codemirror/state" "^0.19.0"
    "@codemirror/text" "^0.19.0"
    "@codemirror/view" "^0.19.0"

"@codemirror/fold@^0.19.0":
  "integrity" "sha512-FLi6RBhHPBnSbKZEu1S98z+VYSP5678cMdYVqhR58OWWTkEiLRVPeCTj8FhRKNL9B8Gx+lBQhGq3uwr3KtSs8w=="
  "resolved" "https://registry.npmjs.org/@codemirror/fold/-/fold-0.19.2.tgz"
  "version" "0.19.2"
  dependencies:
    "@codemirror/gutter" "^0.19.0"
    "@codemirror/language" "^0.19.0"
    "@codemirror/rangeset" "^0.19.0"
    "@codemirror/state" "^0.19.0"
    "@codemirror/view" "^0.19.22"

"@codemirror/gutter@^0.19.0", "@codemirror/gutter@^0.19.4":
  "integrity" "sha512-PFrtmilahin1g6uL27aG5tM/rqR9DZzZYZsIrCXA5Uc2OFTFqx4owuhoU9hqfYxHp5ovfvBwQ+txFzqS4vog6Q=="
  "resolved" "https://registry.npmjs.org/@codemirror/gutter/-/gutter-0.19.9.tgz"
  "version" "0.19.9"
  dependencies:
    "@codemirror/rangeset" "^0.19.0"
    "@codemirror/state" "^0.19.0"
    "@codemirror/view" "^0.19.23"

"@codemirror/highlight@^0.19.0", "@codemirror/highlight@^0.19.7":
  "integrity" "sha512-3W32hBCY0pbbv/xidismw+RDMKuIag+fo4kZIbD7WoRj+Ttcaxjf+vP6RttRHXLaaqbWh031lTeON8kMlDhMYw=="
  "resolved" "https://registry.npmjs.org/@codemirror/highlight/-/highlight-0.19.7.tgz"
  "version" "0.19.7"
  dependencies:
    "@codemirror/language" "^0.19.0"
    "@codemirror/rangeset" "^0.19.0"
    "@codemirror/state" "^0.19.3"
    "@codemirror/view" "^0.19.0"
    "@lezer/common" "^0.15.0"
    "style-mod" "^4.0.0"

"@codemirror/history@^0.19.0":
  "integrity" "sha512-unhP4t3N2smzmHoo/Yio6ueWi+il8gm9VKrvi6wlcdGH5fOfVDNkmjHQ495SiR+EdOG35+3iNebSPYww0vN7ow=="
  "resolved" "https://registry.npmjs.org/@codemirror/history/-/history-0.19.2.tgz"
  "version" "0.19.2"
  dependencies:
    "@codemirror/state" "^0.19.2"
    "@codemirror/view" "^0.19.0"

"@codemirror/language@^0.19.0", "@codemirror/language@^0.19.7":
  "integrity" "sha512-pNNUtYWMIMG0lUSKyUXJr8U0rFiCKsKFXbA2Oj17PC+S1FY99hV0z1vcntW67ekAIZw9DMEUQnLsKBuIbAUX7Q=="
  "resolved" "https://registry.npmjs.org/@codemirror/language/-/language-0.19.7.tgz"
  "version" "0.19.7"
  dependencies:
    "@codemirror/state" "^0.19.0"
    "@codemirror/text" "^0.19.0"
    "@codemirror/view" "^0.19.0"
    "@lezer/common" "^0.15.5"
    "@lezer/lr" "^0.15.0"

"@codemirror/lint@^0.19.0":
  "integrity" "sha512-+c39s05ybD2NjghxkPFsUbH/qBL0cdzKmtHbzUm0RVspeL2OiP7uHYJ6J5+Qr9RjMIPWzcqSauRqxfmCrctUfg=="
  "resolved" "https://registry.npmjs.org/@codemirror/lint/-/lint-0.19.3.tgz"
  "version" "0.19.3"
  dependencies:
    "@codemirror/gutter" "^0.19.4"
    "@codemirror/panel" "^0.19.0"
    "@codemirror/rangeset" "^0.19.1"
    "@codemirror/state" "^0.19.4"
    "@codemirror/tooltip" "^0.19.5"
    "@codemirror/view" "^0.19.0"
    "crelt" "^1.0.5"

"@codemirror/matchbrackets@^0.19.0":
  "integrity" "sha512-ljkrBxaLgh8jesroUiBa57pdEwqJamxkukXrJpL9LdyFZVJaF+9TldhztRaMsMZO1XnCSSHQ9sg32iuHo7Sc2g=="
  "resolved" "https://registry.npmjs.org/@codemirror/matchbrackets/-/matchbrackets-0.19.3.tgz"
  "version" "0.19.3"
  dependencies:
    "@codemirror/language" "^0.19.0"
    "@codemirror/state" "^0.19.0"
    "@codemirror/view" "^0.19.0"
    "@lezer/common" "^0.15.0"

"@codemirror/panel@^0.19.0":
  "integrity" "sha512-sYeOCMA3KRYxZYJYn5PNlt9yNsjy3zTNTrbYSfVgjgL9QomIVgOJWPO5hZ2sTN8lufO6lw0vTBsIPL9MSidmBg=="
  "resolved" "https://registry.npmjs.org/@codemirror/panel/-/panel-0.19.1.tgz"
  "version" "0.19.1"
  dependencies:
    "@codemirror/state" "^0.19.0"
    "@codemirror/view" "^0.19.0"

"@codemirror/rangeset@^0.19.0", "@codemirror/rangeset@^0.19.1", "@codemirror/rangeset@^0.19.5":
  "integrity" "sha512-L3b+RIwIRKOJ3pJLOtpkxCUjGnxZKFyPb0CjYWKnVLuzEIaEExWWK7sp6rsejxOy8RjYzfCHlFhYB4UdQN7brw=="
  "resolved" "https://registry.npmjs.org/@codemirror/rangeset/-/rangeset-0.19.5.tgz"
  "version" "0.19.5"
  dependencies:
    "@codemirror/state" "^0.19.0"

"@codemirror/rectangular-selection@^0.19.0":
  "integrity" "sha512-9ElnqOg3mpZIWe0prPRd1SZ48Q9QB3bR8Aocq8UtjboJSUG8ABhRrbuTZMW/rMqpBPSjVpCe9xkCCkEQMYQVmw=="
  "resolved" "https://registry.npmjs.org/@codemirror/rectangular-selection/-/rectangular-selection-0.19.1.tgz"
  "version" "0.19.1"
  dependencies:
    "@codemirror/state" "^0.19.0"
    "@codemirror/text" "^0.19.4"
    "@codemirror/view" "^0.19.0"

"@codemirror/search@^0.19.0":
  "integrity" "sha512-9kbtCBpMDlzcj7AptMRBx9BZpC5wz+/tG8nIe4vdpOszP08ZY2AcxN5nlhCoUSZu+pd0b6fYiwjLXOf000rRpw=="
  "resolved" "https://registry.npmjs.org/@codemirror/search/-/search-0.19.5.tgz"
  "version" "0.19.5"
  dependencies:
    "@codemirror/panel" "^0.19.0"
    "@codemirror/rangeset" "^0.19.0"
    "@codemirror/state" "^0.19.3"
    "@codemirror/text" "^0.19.0"
    "@codemirror/view" "^0.19.0"
    "crelt" "^1.0.5"

"@codemirror/state@^0.19.0", "@codemirror/state@^0.19.2", "@codemirror/state@^0.19.3", "@codemirror/state@^0.19.4":
  "integrity" "sha512-sqIQZE9VqwQj7D4c2oz9mfLhlT1ElAzGB5lO1lE33BPyrdNy1cJyCIOecT4cn4VeJOFrnjOeu+IftZ3zqdFETw=="
  "resolved" "https://registry.npmjs.org/@codemirror/state/-/state-0.19.6.tgz"
  "version" "0.19.6"
  dependencies:
    "@codemirror/text" "^0.19.0"

"@codemirror/text@^0.19.0", "@codemirror/text@^0.19.2", "@codemirror/text@^0.19.4":
  "integrity" "sha512-Syu5Xc7tZzeUAM/y4fETkT0zgGr48rDG+w4U38bPwSIUr+L9S/7w2wDE1WGNzjaZPz12F6gb1gxWiSTg9ocLow=="
  "resolved" "https://registry.npmjs.org/@codemirror/text/-/text-0.19.5.tgz"
  "version" "0.19.5"

"@codemirror/tooltip@^0.19.0", "@codemirror/tooltip@^0.19.5":
  "integrity" "sha512-xqIhCHr+IYoamdNLvBnU/oDh92zPnsbT1zLaFtKTFi9GI9SxOfBhWY3jfMENlK0j1C9rk8+AvwpXblPGvY/O6w=="
  "resolved" "https://registry.npmjs.org/@codemirror/tooltip/-/tooltip-0.19.10.tgz"
  "version" "0.19.10"
  dependencies:
    "@codemirror/state" "^0.19.0"
    "@codemirror/view" "^0.19.0"

"@codemirror/view@^0.19.0", "@codemirror/view@^0.19.22", "@codemirror/view@^0.19.23", "@codemirror/view@^0.19.31", "@codemirror/view@^0.19.37":
  "integrity" "sha512-SLuLx9p0O1ZHXLehvl5MwSvUrQRcsNGemzTgJ0zRajmc3BBsNigI1PXxdo7tvBhO5DcAzRRBXoke9DZFUR6Qqg=="
  "resolved" "https://registry.npmjs.org/@codemirror/view/-/view-0.19.37.tgz"
  "version" "0.19.37"
  dependencies:
    "@codemirror/rangeset" "^0.19.5"
    "@codemirror/state" "^0.19.3"
    "@codemirror/text" "^0.19.0"
    "style-mod" "^4.0.0"
    "w3c-keyname" "^2.2.4"

"@lezer/common@^0.15.0", "@lezer/common@^0.15.5":
  "integrity" "sha512-vv0nSdIaVCRcJ8rPuDdsrNVfBOYe/4Szr/LhF929XyDmBndLDuWiCCHooGlGlJfzELyO608AyDhVsuX/ZG36NA=="
  "resolved" "https://registry.npmjs.org/@lezer/common/-/common-0.15.11.tgz"
  "version" "0.15.11"

"@lezer/generator@^0.15.2":
  "integrity" "sha512-nxY6TTj0ZAcAvg1zEeaZnt1xODdyPhD0lTaPOgcGOVFHhwwx0Oz7CxZB7Rh+xRCXFr5kJWDtM1uXPp80UZjhAg=="
  "resolved" "https://registry.npmjs.org/@lezer/generator/-/generator-0.15.2.tgz"
  "version" "0.15.2"
  dependencies:
    "@lezer/common" "^0.15.0"
    "@lezer/lr" "^0.15.0"

"@lezer/lr@^0.15.0", "@lezer/lr@^0.15.5":
  "integrity" "sha512-DEcLyhdmBxD1foQe7RegLrSlfS/XaTMGLkO5evkzHWAQKh/JnFWp7j7iNB7s2EpxzRrBCh0U+W7JDCeFhv2mng=="
  "resolved" "https://registry.npmjs.org/@lezer/lr/-/lr-0.15.5.tgz"
  "version" "0.15.5"
  dependencies:
    "@lezer/common" "^0.15.0"

"@rollup/plugin-commonjs@^15.1.0":
  "integrity" "sha512-xCQqz4z/o0h2syQ7d9LskIMvBSH4PX5PjYdpSSvgS+pQik3WahkQVNWg3D8XJeYjZoVWnIUQYDghuEMRGrmQYQ=="
  "resolved" "https://registry.npmjs.org/@rollup/plugin-commonjs/-/plugin-commonjs-15.1.0.tgz"
  "version" "15.1.0"
  dependencies:
    "@rollup/pluginutils" "^3.1.0"
    "commondir" "^1.0.1"
    "estree-walker" "^2.0.1"
    "glob" "^7.1.6"
    "is-reference" "^1.2.1"
    "magic-string" "^0.25.7"
    "resolve" "^1.17.0"

"@rollup/plugin-node-resolve@^9.0.0":
  "integrity" "sha512-gPz+utFHLRrd41WMP13Jq5mqqzHL3OXrfj3/MkSyB6UBIcuNt9j60GCbarzMzdf1VHFpOxfQh/ez7wyadLMqkg=="
  "resolved" "https://registry.npmjs.org/@rollup/plugin-node-resolve/-/plugin-node-resolve-9.0.0.tgz"
  "version" "9.0.0"
  dependencies:
    "@rollup/pluginutils" "^3.1.0"
    "@types/resolve" "1.17.1"
    "builtin-modules" "^3.1.0"
    "deepmerge" "^4.2.2"
    "is-module" "^1.0.0"
    "resolve" "^1.17.0"

"@rollup/plugin-typescript@^8.3.0":
  "integrity" "sha512-I5FpSvLbtAdwJ+naznv+B4sjXZUcIvLLceYpITAn7wAP8W0wqc5noLdGIp9HGVntNhRWXctwPYrSSFQxtl0FPA=="
  "resolved" "https://registry.npmjs.org/@rollup/plugin-typescript/-/plugin-typescript-8.3.0.tgz"
  "version" "8.3.0"
  dependencies:
    "@rollup/pluginutils" "^3.1.0"
    "resolve" "^1.17.0"

"@rollup/pluginutils@^3.1.0":
  "integrity" "sha512-GksZ6pr6TpIjHm8h9lSQ8pi8BE9VeubNT0OMJ3B5uZJ8pz73NPiqOtCog/x2/QzM1ENChPKxMDhiQuRHsqc+lg=="
  "resolved" "https://registry.npmjs.org/@rollup/pluginutils/-/pluginutils-3.1.0.tgz"
  "version" "3.1.0"
  dependencies:
    "@types/estree" "0.0.39"
    "estree-walker" "^1.0.1"
    "picomatch" "^2.2.2"

"@types/estree@*", "@types/estree@0.0.39":
  "integrity" "sha512-EYNwp3bU+98cpU4lAWYYL7Zz+2gryWH1qbdDTidVd6hkiR6weksdbMadyXKXNPEkQFhXM+hVO9ZygomHXp+AIw=="
  "resolved" "https://registry.npmjs.org/@types/estree/-/estree-0.0.39.tgz"
  "version" "0.0.39"

"@types/node@*":
  "integrity" "sha512-1QUk+WAUD4t8iR+Oj+UgI8oJa6yyxaB8a8pHaC8uqM6RrS1qbL7bf3Pwl5rHv0psm2CuDErgho6v5N+G+5fwtQ=="
  "resolved" "https://registry.npmjs.org/@types/node/-/node-17.0.7.tgz"
  "version" "17.0.7"

"@types/resolve@1.17.1":
  "integrity" "sha512-yy7HuzQhj0dhGpD8RLXSZWEkLsV9ibvxvi6EiJ3bkqLAO1RGo0WbkWQiwpRlSFymTJRz0d3k5LM3kkx8ArDbLw=="
  "resolved" "https://registry.npmjs.org/@types/resolve/-/resolve-1.17.1.tgz"
  "version" "1.17.1"
  dependencies:
    "@types/node" "*"

"anymatch@~3.1.1":
  "integrity" "sha512-mM8522psRCqzV+6LhomX5wgp25YVibjh8Wj23I5RPkPppSVSjyKD2A2mBJmWGa+KN7f2D6LNh9jkBCeyLktzjg=="
  "resolved" "https://registry.npmjs.org/anymatch/-/anymatch-3.1.1.tgz"
  "version" "3.1.1"
  dependencies:
    "normalize-path" "^3.0.0"
    "picomatch" "^2.0.4"

"async-limiter@~1.0.0":
  "integrity" "sha512-csOlWGAcRFJaI6m+F2WKdnMKr4HhdhFVBk0H/QbJFMCr+uO2kwohwXQPxw/9OCxp05r5ghVBFSyioixx3gfkNQ=="
  "resolved" "https://registry.npmjs.org/async-limiter/-/async-limiter-1.0.1.tgz"
  "version" "1.0.1"

"balanced-match@^1.0.0":
  "integrity" "sha1-ibTRmasr7kneFk6gK4nORi1xt2c="
  "resolved" "https://registry.npmjs.org/balanced-match/-/balanced-match-1.0.0.tgz"
  "version" "1.0.0"

"binary-extensions@^2.0.0":
  "integrity" "sha512-1Yj8h9Q+QDF5FzhMs/c9+6UntbD5MkRfRwac8DoEm9ZfUBZ7tZ55YcGVAzEe4bXsdQHEk+s9S5wsOKVdZrw0tQ=="
  "resolved" "https://registry.npmjs.org/binary-extensions/-/binary-extensions-2.1.0.tgz"
  "version" "2.1.0"

"brace-expansion@^1.1.7":
  "integrity" "sha512-iCuPHDFgrHX7H2vEI/5xpz07zSHB00TpugqhmYtVmMO6518mCuRMoOYFldEBl0g187ufozdaHgWKcYFb61qGiA=="
  "resolved" "https://registry.npmjs.org/brace-expansion/-/brace-expansion-1.1.11.tgz"
  "version" "1.1.11"
  dependencies:
    "balanced-match" "^1.0.0"
    "concat-map" "0.0.1"

"braces@~3.0.2":
  "integrity" "sha512-b8um+L1RzM3WDSzvhm6gIz1yfTbBt6YTlcEKAvsmqCZZFw46z626lVj9j1yEPW33H5H+lBQpZMP1k8l+78Ha0A=="
  "resolved" "https://registry.npmjs.org/braces/-/braces-3.0.2.tgz"
  "version" "3.0.2"
  dependencies:
    "fill-range" "^7.0.1"

"builtin-modules@^3.1.0":
  "integrity" "sha512-k0KL0aWZuBt2lrxrcASWDfwOLMnodeQjodT/1SxEQAXsHANgo6ZC/VEaSEHCXt7aSTZ4/4H5LKa+tBXmW7Vtvw=="
  "resolved" "https://registry.npmjs.org/builtin-modules/-/builtin-modules-3.1.0.tgz"
  "version" "3.1.0"

"chokidar@^3.3.0":
  "integrity" "sha512-DtM3g7juCXQxFVSNPNByEC2+NImtBuxQQvWlHunpJIS5Ocr0lG306cC7FCi7cEA0fzmybPUIl4txBIobk1gGOQ=="
  "resolved" "https://registry.npmjs.org/chokidar/-/chokidar-3.4.3.tgz"
  "version" "3.4.3"
  dependencies:
    "anymatch" "~3.1.1"
    "braces" "~3.0.2"
    "glob-parent" "~5.1.0"
    "is-binary-path" "~2.1.0"
    "is-glob" "~4.0.1"
    "normalize-path" "~3.0.0"
    "readdirp" "~3.5.0"
  optionalDependencies:
    "fsevents" "~2.1.2"

"commondir@^1.0.1":
  "integrity" "sha1-3dgA2gxmEnOTzKWVDqloo6rxJTs="
  "resolved" "https://registry.npmjs.org/commondir/-/commondir-1.0.1.tgz"
  "version" "1.0.1"

"concat-map@0.0.1":
  "integrity" "sha1-2Klr13/Wjfd5OnMDajug1UBdR3s="
  "resolved" "https://registry.npmjs.org/concat-map/-/concat-map-0.0.1.tgz"
  "version" "0.0.1"

"crelt@^1.0.5":
  "integrity" "sha512-+BO9wPPi+DWTDcNYhr/W90myha8ptzftZT+LwcmUbbok0rcP/fequmFYCw8NMoH7pkAZQzU78b3kYrlua5a9eA=="
  "resolved" "https://registry.npmjs.org/crelt/-/crelt-1.0.5.tgz"
  "version" "1.0.5"

"deepmerge@^4.2.2":
  "integrity" "sha512-FJ3UgI4gIl+PHZm53knsuSFpE+nESMr7M4v9QcgB7S63Kj/6WqMiFQJpBBYz1Pt+66bZpP3Q7Lye0Oo9MPKEdg=="
  "resolved" "https://registry.npmjs.org/deepmerge/-/deepmerge-4.2.2.tgz"
  "version" "4.2.2"

"esm@^3.2.25":
  "integrity" "sha512-U1suiZ2oDVWv4zPO56S0NcR5QriEahGtdN2OR6FiOG4WJvcjBVFB0qI4+eKoWFH483PKGuLuu6V8Z4T5g63UVA=="
  "resolved" "https://registry.npmjs.org/esm/-/esm-3.2.25.tgz"
  "version" "3.2.25"

"estree-walker@^0.6.1":
  "integrity" "sha512-SqmZANLWS0mnatqbSfRP5g8OXZC12Fgg1IwNtLsyHDzJizORW4khDfjPqJZsemPWBB2uqykUah5YpQ6epsqC/w=="
  "resolved" "https://registry.npmjs.org/estree-walker/-/estree-walker-0.6.1.tgz"
  "version" "0.6.1"

"estree-walker@^1.0.1":
  "integrity" "sha512-1fMXF3YP4pZZVozF8j/ZLfvnR8NSIljt56UhbZ5PeeDmmGHpgpdwQt7ITlGvYaQukCvuBRMLEiKiYC+oeIg4cg=="
  "resolved" "https://registry.npmjs.org/estree-walker/-/estree-walker-1.0.1.tgz"
  "version" "1.0.1"

"estree-walker@^2.0.1":
  "integrity" "sha512-tF0hv+Yi2Ot1cwj9eYHtxC0jB9bmjacjQs6ZBTj82H8JwUywFuc+7E83NWfNMwHXZc11mjfFcVXPe9gEP4B8dg=="
  "resolved" "https://registry.npmjs.org/estree-walker/-/estree-walker-2.0.1.tgz"
  "version" "2.0.1"

"fill-range@^7.0.1":
  "integrity" "sha512-qOo9F+dMUmC2Lcb4BbVvnKJxTPjCm+RRpe4gDuGrzkL7mEVl/djYSu2OdQ2Pa302N4oqkSg9ir6jaLWJ2USVpQ=="
  "resolved" "https://registry.npmjs.org/fill-range/-/fill-range-7.0.1.tgz"
  "version" "7.0.1"
  dependencies:
    "to-regex-range" "^5.0.1"

"fs.realpath@^1.0.0":
  "integrity" "sha1-FQStJSMVjKpA20onh8sBQRmU6k8="
  "resolved" "https://registry.npmjs.org/fs.realpath/-/fs.realpath-1.0.0.tgz"
  "version" "1.0.0"

"glob-parent@~5.1.0":
  "integrity" "sha512-AOIgSQCepiJYwP3ARnGx+5VnTu2HBYdzbGP45eLw1vr3zB3vZLeyed1sC9hnbcOc9/SrMyM5RPQrkGz4aS9Zow=="
  "resolved" "https://registry.npmjs.org/glob-parent/-/glob-parent-5.1.2.tgz"
  "version" "5.1.2"
  dependencies:
    "is-glob" "^4.0.1"

"glob@^7.1.6":
  "integrity" "sha512-LwaxwyZ72Lk7vZINtNNrywX0ZuLyStrdDtabefZKAY5ZGJhVtgdznluResxNmPitE0SAO+O26sWTHeKSI2wMBA=="
  "resolved" "https://registry.npmjs.org/glob/-/glob-7.1.6.tgz"
  "version" "7.1.6"
  dependencies:
    "fs.realpath" "^1.0.0"
    "inflight" "^1.0.4"
    "inherits" "2"
    "minimatch" "^3.0.4"
    "once" "^1.3.0"
    "path-is-absolute" "^1.0.0"

"inflight@^1.0.4":
  "integrity" "sha1-Sb1jMdfQLQwJvJEKEHW6gWW1bfk="
  "resolved" "https://registry.npmjs.org/inflight/-/inflight-1.0.6.tgz"
  "version" "1.0.6"
  dependencies:
    "once" "^1.3.0"
    "wrappy" "1"

"inherits@2":
  "integrity" "sha512-k/vGaX4/Yla3WzyMCvTQOXYeIHvqOKtnqBduzTHpzpQZzAskKMhZ2K+EnBiSM9zGSoIFeMpXKxa4dYeZIQqewQ=="
  "resolved" "https://registry.npmjs.org/inherits/-/inherits-2.0.4.tgz"
  "version" "2.0.4"

"is-binary-path@~2.1.0":
  "integrity" "sha512-ZMERYes6pDydyuGidse7OsHxtbI7WVeUEozgR/g7rd0xUimYNlvZRE/K2MgZTjWy725IfelLeVcEM97mmtRGXw=="
  "resolved" "https://registry.npmjs.org/is-binary-path/-/is-binary-path-2.1.0.tgz"
  "version" "2.1.0"
  dependencies:
    "binary-extensions" "^2.0.0"

"is-extglob@^2.1.1":
  "integrity" "sha1-qIwCU1eR8C7TfHahueqXc8gz+MI="
  "resolved" "https://registry.npmjs.org/is-extglob/-/is-extglob-2.1.1.tgz"
  "version" "2.1.1"

"is-glob@^4.0.1", "is-glob@~4.0.1":
  "integrity" "sha512-5G0tKtBTFImOqDnLB2hG6Bp2qcKEFduo4tZu9MT/H6NQv/ghhy30o55ufafxJ/LdH79LLs2Kfrn85TLKyA7BUg=="
  "resolved" "https://registry.npmjs.org/is-glob/-/is-glob-4.0.1.tgz"
  "version" "4.0.1"
  dependencies:
    "is-extglob" "^2.1.1"

"is-module@^1.0.0":
  "integrity" "sha1-Mlj7afeMFNW4FdZkM2tM/7ZEFZE="
  "resolved" "https://registry.npmjs.org/is-module/-/is-module-1.0.0.tgz"
  "version" "1.0.0"

"is-number@^7.0.0":
  "integrity" "sha512-41Cifkg6e8TylSpdtTpeLVMqvSBEVzTttHvERD741+pnZ8ANv0004MRL43QKPDlK9cGvNp6NZWZUBlbGXYxxng=="
  "resolved" "https://registry.npmjs.org/is-number/-/is-number-7.0.0.tgz"
  "version" "7.0.0"

"is-reference@^1.2.1":
  "integrity" "sha512-U82MsXXiFIrjCK4otLT+o2NA2Cd2g5MLoOVXUZjIOhLurrRxpEXzI8O0KZHr3IjLvlAH1kTPYSuqer5T9ZVBKQ=="
  "resolved" "https://registry.npmjs.org/is-reference/-/is-reference-1.2.1.tgz"
  "version" "1.2.1"
  dependencies:
    "@types/estree" "*"

"livereload-js@^3.1.0":
  "integrity" "sha512-CBu1gTEfzVhlOK1WASKAAJ9Qx1fHECTq0SUB67sfxwQssopTyvzqTlgl+c0h9pZ6V+Fzd2rc510ppuNusg9teQ=="
  "resolved" "https://registry.npmjs.org/livereload-js/-/livereload-js-3.3.1.tgz"
  "version" "3.3.1"

"livereload@^0.9.1":
  "integrity" "sha512-9g7sua11kkyZNo2hLRCG3LuZZwqexoyEyecSlV8cAsfAVVCZqLzVir6XDqmH0r+Vzgnd5LrdHDMyjtFnJQLAYw=="
  "resolved" "https://registry.npmjs.org/livereload/-/livereload-0.9.1.tgz"
  "version" "0.9.1"
  dependencies:
    "chokidar" "^3.3.0"
    "livereload-js" "^3.1.0"
    "opts" ">= 1.2.0"
    "ws" "^6.2.1"

"magic-string@^0.25.7":
  "integrity" "sha512-4CrMT5DOHTDk4HYDlzmwu4FVCcIYI8gauveasrdCu2IKIFOJ3f0v/8MDGJCDL9oD2ppz/Av1b0Nj345H9M+XIA=="
  "resolved" "https://registry.npmjs.org/magic-string/-/magic-string-0.25.7.tgz"
  "version" "0.25.7"
  dependencies:
    "sourcemap-codec" "^1.4.4"

"minimatch@^3.0.4":
  "integrity" "sha512-yJHVQEhyqPLUTgt9B83PXu6W3rx4MvvHvSUvToogpwoGDOUQ+yDrR0HRot+yOCdCO7u4hX3pWft6kWBBcqh0UA=="
  "resolved" "https://registry.npmjs.org/minimatch/-/minimatch-3.0.4.tgz"
  "version" "3.0.4"
  dependencies:
    "brace-expansion" "^1.1.7"

"normalize-path@^3.0.0", "normalize-path@~3.0.0":
  "integrity" "sha512-6eZs5Ls3WtCisHWp9S2GUy8dqkpGi4BVSz3GaqiE6ezub0512ESztXUwUB6C6IKbQkY2Pnb/mD4WYojCRwcwLA=="
  "resolved" "https://registry.npmjs.org/normalize-path/-/normalize-path-3.0.0.tgz"
  "version" "3.0.0"

"once@^1.3.0":
  "integrity" "sha1-WDsap3WWHUsROsF9nFC6753Xa9E="
  "resolved" "https://registry.npmjs.org/once/-/once-1.4.0.tgz"
  "version" "1.4.0"
  dependencies:
    "wrappy" "1"

"opts@>= 1.2.0":
  "integrity" "sha512-k41FwbcLnlgnFh69f4qdUfvDQ+5vaSDnVPFI/y5XuhKRq97EnVVneO9F1ESVCdiVu4fCS2L8usX3mU331hB7pg=="
  "resolved" "https://registry.npmjs.org/opts/-/opts-2.0.2.tgz"
  "version" "2.0.2"

"path-is-absolute@^1.0.0":
  "integrity" "sha1-F0uSaHNVNP+8es5r9TpanhtcX18="
  "resolved" "https://registry.npmjs.org/path-is-absolute/-/path-is-absolute-1.0.1.tgz"
  "version" "1.0.1"

"path-parse@^1.0.6":
  "integrity" "sha512-GSmOT2EbHrINBf9SR7CDELwlJ8AENk3Qn7OikK4nFYAu3Ote2+JYNVvkpAEQm3/TLNEJFD/xZJjzyxg3KBWOzw=="
  "resolved" "https://registry.npmjs.org/path-parse/-/path-parse-1.0.6.tgz"
  "version" "1.0.6"

"picomatch@^2.0.4", "picomatch@^2.2.1", "picomatch@^2.2.2":
  "integrity" "sha512-q0M/9eZHzmr0AulXyPwNfZjtwZ/RBZlbN3K3CErVrk50T2ASYI7Bye0EvekFY3IP1Nt2DHu0re+V2ZHIpMkuWg=="
  "resolved" "https://registry.npmjs.org/picomatch/-/picomatch-2.2.2.tgz"
  "version" "2.2.2"

"readdirp@~3.5.0":
  "integrity" "sha512-cMhu7c/8rdhkHXWsY+osBhfSy0JikwpHK/5+imo+LpeasTF8ouErHrlYkwT0++njiyuDvc7OFY5T3ukvZ8qmFQ=="
  "resolved" "https://registry.npmjs.org/readdirp/-/readdirp-3.5.0.tgz"
  "version" "3.5.0"
  dependencies:
    "picomatch" "^2.2.1"

"resolve@^1.17.0":
  "integrity" "sha512-ic+7JYiV8Vi2yzQGFWOkiZD5Z9z7O2Zhm9XMaTxdJExKasieFCr+yXZ/WmXsckHiKl12ar0y6XiXDx3m4RHn1w=="
  "resolved" "https://registry.npmjs.org/resolve/-/resolve-1.17.0.tgz"
  "version" "1.17.0"
  dependencies:
    "path-parse" "^1.0.6"

"rollup-plugin-livereload@^2.0.0":
  "integrity" "sha512-oC/8NqumGYuphkqrfszOHUUIwzKsaHBICw6QRwT5uD07gvePTS+HW+GFwu6f9K8W02CUuTvtIM9AWJrbj4wE1A=="
  "resolved" "https://registry.npmjs.org/rollup-plugin-livereload/-/rollup-plugin-livereload-2.0.0.tgz"
  "version" "2.0.0"
  dependencies:
    "livereload" "^0.9.1"

"rollup-plugin-string@^3.0.0":
  "integrity" "sha512-vqyzgn9QefAgeKi+Y4A7jETeIAU1zQmS6VotH6bzm/zmUQEnYkpIGRaOBPY41oiWYV4JyBoGAaBjYMYuv+6wVw=="
  "resolved" "https://registry.npmjs.org/rollup-plugin-string/-/rollup-plugin-string-3.0.0.tgz"
  "version" "3.0.0"
  dependencies:
    "rollup-pluginutils" "^2.4.1"

"rollup-pluginutils@^2.4.1":
  "integrity" "sha512-EEp9NhnUkwY8aif6bxgovPHMoMoNr2FulJziTndpt5H9RdwC47GSGuII9XxpSdzVGM0GWrNPHV6ie1LTNJPaLQ=="
  "resolved" "https://registry.npmjs.org/rollup-pluginutils/-/rollup-pluginutils-2.8.2.tgz"
  "version" "2.8.2"
  dependencies:
    "estree-walker" "^0.6.1"

"rollup@^1.20.0||^2.0.0", "rollup@^2.14.0", "rollup@^2.22.0", "rollup@^2.30.0":
  "integrity" "sha512-j4K1hUZfgFM03DUpayd3c7kZW+2wDbI6rj7ssQxpCpL1vsGpaM0vSorxBuePFwQDFq9O2DI6AOQbm174Awsq4w=="
  "resolved" "https://registry.npmjs.org/rollup/-/rollup-2.30.0.tgz"
  "version" "2.30.0"
  optionalDependencies:
    "fsevents" "~2.1.2"

"sourcemap-codec@^1.4.4":
  "integrity" "sha512-9NykojV5Uih4lgo5So5dtw+f0JgJX30KCNI8gwhz2J9A15wD0Ml6tjHKwf6fTSa6fAdVBdZeNOs9eJ71qCk8vA=="
  "resolved" "https://registry.npmjs.org/sourcemap-codec/-/sourcemap-codec-1.4.8.tgz"
  "version" "1.4.8"

"style-mod@^4.0.0":
  "integrity" "sha512-OPhtyEjyyN9x3nhPsu76f52yUGXiZcgvsrFVtvTkyGRQJ0XK+GPc6ov1z+lRpbeabka+MYEQxOYRnt5nF30aMw=="
  "resolved" "https://registry.npmjs.org/style-mod/-/style-mod-4.0.0.tgz"
  "version" "4.0.0"

"to-regex-range@^5.0.1":
  "integrity" "sha512-65P7iz6X5yEr1cwcgvQxbbIw7Uk3gOy5dIdtZ4rDveLqhrdJP+Li/Hx6tyK0NEb+2GCyneCMJiGqrADCSNk8sQ=="
  "resolved" "https://registry.npmjs.org/to-regex-range/-/to-regex-range-5.0.1.tgz"
  "version" "5.0.1"
  dependencies:
    "is-number" "^7.0.0"

"tslib@*":
  "integrity" "sha512-77EbyPPpMz+FRFRuAFlWMtmgUWGe9UOG2Z25NqCwiIjRhOf5iKGuzSe5P2w1laq+FkRy4p+PCuVkJSGkzTEKVw=="
  "resolved" "https://registry.npmjs.org/tslib/-/tslib-2.3.1.tgz"
  "version" "2.3.1"

"typescript@>=3.7.0":
  "integrity" "sha512-VgYs2A2QIRuGphtzFV7aQJduJ2gyfTljngLzjpfW9FoYZF6xuw1W0vW9ghCKLfcWrCFxK81CSGRAvS1pn4fIUg=="
  "resolved" "https://registry.npmjs.org/typescript/-/typescript-4.5.4.tgz"
  "version" "4.5.4"

"w3c-keyname@^2.2.4":
  "integrity" "sha512-tOhfEwEzFLJzf6d1ZPkYfGj+FWhIpBux9ppoP3rlclw3Z0BZv3N7b7030Z1kYth+6rDuAsXUFr+d0VE6Ed1ikw=="
  "resolved" "https://registry.npmjs.org/w3c-keyname/-/w3c-keyname-2.2.4.tgz"
  "version" "2.2.4"

"wrappy@1":
  "integrity" "sha1-tSQ9jz7BqjXxNkYFvA0QNuMKtp8="
  "resolved" "https://registry.npmjs.org/wrappy/-/wrappy-1.0.2.tgz"
  "version" "1.0.2"

"ws@^6.2.1":
  "integrity" "sha512-zmhltoSR8u1cnDsD43TX59mzoMZsLKqUweyYBAIvTngR3shc0W6aOZylZmq/7hqyVxPdi+5Ud2QInblgyE72fw=="
  "resolved" "https://registry.npmjs.org/ws/-/ws-6.2.2.tgz"
  "version" "6.2.2"
  dependencies:
    "async-limiter" "~1.0.0"
