{
  "nodes": {
    "drv-tools": {
      "inputs": {
        "flake-utils": [
          "drv-tools",
          "flake-utils_",
          "flake-utils"
        ],
        "flake-utils_": "flake-utils_",
        "nixpkgs": [
          "drv-tools",
          "nixpkgs_",
          "nixpkgs"
        ],
        "nixpkgs_": "nixpkgs_"
      },
      "locked": {
        "dir": "drv-tools",
        "lastModified": 1667848037,
        "narHash": "sha256-z0ZJ3O9b9l2dOx+QZebbRHAbSdVywkHThDNapq6Nh0c=",
        "owner": "br4ch1st0chr0n3",
        "repo": "flakes",
        "rev": "3ffdc64395d51e2006b7f40f4c583aa75e19af7b",
        "type": "github"
      },
      "original": {
        "dir": "drv-tools",
        "owner": "br4ch1st0chr0n3",
        "repo": "flakes",
        "type": "github"
      }
    },
    "flake-utils": {
      "locked": {
        "lastModified": 1667395993,
        "narHash": "sha256-nuEHfE/LcWyuSWnS8t12N1wc105Qtau+/OdUAjtQ0rA=",
        "owner": "numtide",
        "repo": "flake-utils",
        "rev": "5aed5285a952e0b949eb3ba02c12fa4fcfef535f",
        "type": "github"
      },
      "original": {
        "owner": "numtide",
        "repo": "flake-utils",
        "type": "github"
      }
    },
    "flake-utils_": {
      "inputs": {
        "flake-utils": "flake-utils"
      },
      "locked": {
        "dir": "source-flake/flake-utils",
        "lastModified": 1667847969,
        "narHash": "sha256-b6SFU++S09YNf5f+B/C9WI1O0AdhIT/3opliw7cOJOE=",
        "owner": "br4ch1st0chr0n3",
        "repo": "flakes",
        "rev": "21cd1dd3634d0a5c9e641a4c1be6c7acc0453efe",
        "type": "github"
      },
      "original": {
        "dir": "source-flake/flake-utils",
        "owner": "br4ch1st0chr0n3",
        "repo": "flakes",
        "type": "github"
      }
    },
    "flake-utils_2": {
      "locked": {
        "lastModified": 1667395993,
        "narHash": "sha256-nuEHfE/LcWyuSWnS8t12N1wc105Qtau+/OdUAjtQ0rA=",
        "owner": "numtide",
        "repo": "flake-utils",
        "rev": "5aed5285a952e0b949eb3ba02c12fa4fcfef535f",
        "type": "github"
      },
      "original": {
        "owner": "numtide",
        "repo": "flake-utils",
        "type": "github"
      }
    },
    "flake-utils_3": {
      "locked": {
        "lastModified": 1667395993,
        "narHash": "sha256-nuEHfE/LcWyuSWnS8t12N1wc105Qtau+/OdUAjtQ0rA=",
        "owner": "numtide",
        "repo": "flake-utils",
        "rev": "5aed5285a952e0b949eb3ba02c12fa4fcfef535f",
        "type": "github"
      },
      "original": {
        "owner": "numtide",
        "repo": "flake-utils",
        "type": "github"
      }
    },
    "flake-utils__2": {
      "inputs": {
        "flake-utils": "flake-utils_2"
      },
      "locked": {
        "dir": "source-flake/flake-utils",
        "lastModified": 1667848037,
        "narHash": "sha256-z0ZJ3O9b9l2dOx+QZebbRHAbSdVywkHThDNapq6Nh0c=",
        "owner": "br4ch1st0chr0n3",
        "repo": "flakes",
        "rev": "3ffdc64395d51e2006b7f40f4c583aa75e19af7b",
        "type": "github"
      },
      "original": {
        "dir": "source-flake/flake-utils",
        "owner": "br4ch1st0chr0n3",
        "repo": "flakes",
        "type": "github"
      }
    },
    "flake-utils__3": {
      "inputs": {
        "flake-utils": "flake-utils_3"
      },
      "locked": {
        "dir": "source-flake/flake-utils",
        "lastModified": 1667847969,
        "narHash": "sha256-b6SFU++S09YNf5f+B/C9WI1O0AdhIT/3opliw7cOJOE=",
        "owner": "br4ch1st0chr0n3",
        "repo": "flakes",
        "rev": "21cd1dd3634d0a5c9e641a4c1be6c7acc0453efe",
        "type": "github"
      },
      "original": {
        "dir": "source-flake/flake-utils",
        "owner": "br4ch1st0chr0n3",
        "repo": "flakes",
        "type": "github"
      }
    },
    "gitignore": {
      "inputs": {
        "nixpkgs": [
          "gitignore_",
          "nixpkgs_",
          "nixpkgs"
        ]
      },
      "locked": {
        "lastModified": 1660459072,
        "narHash": "sha256-8DFJjXG8zqoONA1vXtgeKXy68KdJL5UaXR8NtVMUbx8=",
        "owner": "hercules-ci",
        "repo": "gitignore.nix",
        "rev": "a20de23b925fd8264fd7fad6454652e142fd7f73",
        "type": "github"
      },
      "original": {
        "owner": "hercules-ci",
        "repo": "gitignore.nix",
        "rev": "a20de23b925fd8264fd7fad6454652e142fd7f73",
        "type": "github"
      }
    },
    "gitignore_": {
      "inputs": {
        "gitignore": "gitignore",
        "nixpkgs_": "nixpkgs__2"
      },
      "locked": {
        "dir": "source-flake/gitignore",
        "lastModified": 1667848037,
        "narHash": "sha256-z0ZJ3O9b9l2dOx+QZebbRHAbSdVywkHThDNapq6Nh0c=",
        "owner": "br4ch1st0chr0n3",
        "repo": "flakes",
        "rev": "3ffdc64395d51e2006b7f40f4c583aa75e19af7b",
        "type": "github"
      },
      "original": {
        "dir": "source-flake/gitignore",
        "owner": "br4ch1st0chr0n3",
        "repo": "flakes",
        "type": "github"
      }
    },
    "gitignore_2": {
      "inputs": {
        "nixpkgs": [
          "haskell-tools",
          "gitignore_",
          "nixpkgs_",
          "nixpkgs"
        ]
      },
      "locked": {
        "lastModified": 1660459072,
        "narHash": "sha256-8DFJjXG8zqoONA1vXtgeKXy68KdJL5UaXR8NtVMUbx8=",
        "owner": "hercules-ci",
        "repo": "gitignore.nix",
        "rev": "a20de23b925fd8264fd7fad6454652e142fd7f73",
        "type": "github"
      },
      "original": {
        "owner": "hercules-ci",
        "repo": "gitignore.nix",
        "rev": "a20de23b925fd8264fd7fad6454652e142fd7f73",
        "type": "github"
      }
    },
    "gitignore__2": {
      "inputs": {
        "gitignore": "gitignore_2",
        "nixpkgs_": "nixpkgs__3"
      },
      "locked": {
        "dir": "source-flake/gitignore",
        "lastModified": 1667847969,
        "narHash": "sha256-b6SFU++S09YNf5f+B/C9WI1O0AdhIT/3opliw7cOJOE=",
        "owner": "br4ch1st0chr0n3",
        "repo": "flakes",
        "rev": "21cd1dd3634d0a5c9e641a4c1be6c7acc0453efe",
        "type": "github"
      },
      "original": {
        "dir": "source-flake/gitignore",
        "owner": "br4ch1st0chr0n3",
        "repo": "flakes",
        "type": "github"
      }
    },
    "haskell-tools": {
      "inputs": {
        "flake-utils": [
          "haskell-tools",
          "flake-utils_",
          "flake-utils"
        ],
        "flake-utils_": "flake-utils__3",
        "gitignore": [
          "haskell-tools",
          "gitignore_",
          "gitignore"
        ],
        "gitignore_": "gitignore__2",
        "nixpkgs": [
          "haskell-tools",
          "nixpkgs_",
          "nixpkgs"
        ],
        "nixpkgs_": "nixpkgs__4"
      },
      "locked": {
        "dir": "language-tools/haskell",
        "lastModified": 1667848037,
        "narHash": "sha256-z0ZJ3O9b9l2dOx+QZebbRHAbSdVywkHThDNapq6Nh0c=",
        "owner": "br4ch1st0chr0n3",
        "repo": "flakes",
        "rev": "3ffdc64395d51e2006b7f40f4c583aa75e19af7b",
        "type": "github"
      },
      "original": {
        "dir": "language-tools/haskell",
        "owner": "br4ch1st0chr0n3",
        "repo": "flakes",
        "type": "github"
      }
    },
    "nixpkgs": {
      "locked": {
        "lastModified": 1663905476,
        "narHash": "sha256-0CSwRKaYravh9v6qSlBpM0gNg0UhKT2lL7Yn6Zbx7UM=",
        "owner": "NixOS",
        "repo": "nixpkgs",
        "rev": "e14f9fb57315f0d4abde222364f19f88c77d2b79",
        "type": "github"
      },
      "original": {
        "owner": "NixOS",
        "repo": "nixpkgs",
        "rev": "e14f9fb57315f0d4abde222364f19f88c77d2b79",
        "type": "github"
      }
    },
    "nixpkgs_": {
      "inputs": {
        "nixpkgs": "nixpkgs"
      },
      "locked": {
        "dir": "source-flake/nixpkgs",
        "lastModified": 1667847969,
        "narHash": "sha256-b6SFU++S09YNf5f+B/C9WI1O0AdhIT/3opliw7cOJOE=",
        "owner": "br4ch1st0chr0n3",
        "repo": "flakes",
        "rev": "21cd1dd3634d0a5c9e641a4c1be6c7acc0453efe",
        "type": "github"
      },
      "original": {
        "dir": "source-flake/nixpkgs",
        "owner": "br4ch1st0chr0n3",
        "repo": "flakes",
        "type": "github"
      }
    },
    "nixpkgs_2": {
      "locked": {
        "lastModified": 1663905476,
        "narHash": "sha256-0CSwRKaYravh9v6qSlBpM0gNg0UhKT2lL7Yn6Zbx7UM=",
        "owner": "NixOS",
        "repo": "nixpkgs",
        "rev": "e14f9fb57315f0d4abde222364f19f88c77d2b79",
        "type": "github"
      },
      "original": {
        "owner": "NixOS",
        "repo": "nixpkgs",
        "rev": "e14f9fb57315f0d4abde222364f19f88c77d2b79",
        "type": "github"
      }
    },
    "nixpkgs_3": {
      "locked": {
        "lastModified": 1663905476,
        "narHash": "sha256-0CSwRKaYravh9v6qSlBpM0gNg0UhKT2lL7Yn6Zbx7UM=",
        "owner": "NixOS",
        "repo": "nixpkgs",
        "rev": "e14f9fb57315f0d4abde222364f19f88c77d2b79",
        "type": "github"
      },
      "original": {
        "owner": "NixOS",
        "repo": "nixpkgs",
        "rev": "e14f9fb57315f0d4abde222364f19f88c77d2b79",
        "type": "github"
      }
    },
    "nixpkgs_4": {
      "locked": {
        "lastModified": 1663905476,
        "narHash": "sha256-0CSwRKaYravh9v6qSlBpM0gNg0UhKT2lL7Yn6Zbx7UM=",
        "owner": "NixOS",
        "repo": "nixpkgs",
        "rev": "e14f9fb57315f0d4abde222364f19f88c77d2b79",
        "type": "github"
      },
      "original": {
        "owner": "NixOS",
        "repo": "nixpkgs",
        "rev": "e14f9fb57315f0d4abde222364f19f88c77d2b79",
        "type": "github"
      }
    },
    "nixpkgs_5": {
      "locked": {
        "lastModified": 1663905476,
        "narHash": "sha256-0CSwRKaYravh9v6qSlBpM0gNg0UhKT2lL7Yn6Zbx7UM=",
        "owner": "NixOS",
        "repo": "nixpkgs",
        "rev": "e14f9fb57315f0d4abde222364f19f88c77d2b79",
        "type": "github"
      },
      "original": {
        "owner": "NixOS",
        "repo": "nixpkgs",
        "rev": "e14f9fb57315f0d4abde222364f19f88c77d2b79",
        "type": "github"
      }
    },
    "nixpkgs__2": {
      "inputs": {
        "nixpkgs": "nixpkgs_2"
      },
      "locked": {
        "dir": "source-flake/nixpkgs",
        "lastModified": 1667847969,
        "narHash": "sha256-b6SFU++S09YNf5f+B/C9WI1O0AdhIT/3opliw7cOJOE=",
        "owner": "br4ch1st0chr0n3",
        "repo": "flakes",
        "rev": "21cd1dd3634d0a5c9e641a4c1be6c7acc0453efe",
        "type": "github"
      },
      "original": {
        "dir": "source-flake/nixpkgs",
        "owner": "br4ch1st0chr0n3",
        "repo": "flakes",
        "type": "github"
      }
    },
    "nixpkgs__3": {
      "inputs": {
        "nixpkgs": "nixpkgs_3"
      },
      "locked": {
        "dir": "source-flake/nixpkgs",
        "lastModified": 1667845949,
        "narHash": "sha256-5g1E6q9qTO8+Q8Qkx+GQbKDUCM5OjiXblBtjkArvUKE=",
        "owner": "br4ch1st0chr0n3",
        "repo": "flakes",
        "rev": "cfcfd1ef531df28cd14866aaf3a75dddeb128b91",
        "type": "github"
      },
      "original": {
        "dir": "source-flake/nixpkgs",
        "owner": "br4ch1st0chr0n3",
        "repo": "flakes",
        "type": "github"
      }
    },
    "nixpkgs__4": {
      "inputs": {
        "nixpkgs": "nixpkgs_4"
      },
      "locked": {
        "dir": "source-flake/nixpkgs",
        "lastModified": 1667847969,
        "narHash": "sha256-b6SFU++S09YNf5f+B/C9WI1O0AdhIT/3opliw7cOJOE=",
        "owner": "br4ch1st0chr0n3",
        "repo": "flakes",
        "rev": "21cd1dd3634d0a5c9e641a4c1be6c7acc0453efe",
        "type": "github"
      },
      "original": {
        "dir": "source-flake/nixpkgs",
        "owner": "br4ch1st0chr0n3",
        "repo": "flakes",
        "type": "github"
      }
    },
    "nixpkgs__5": {
      "inputs": {
        "nixpkgs": "nixpkgs_5"
      },
      "locked": {
        "dir": "source-flake/nixpkgs",
        "lastModified": 1667848037,
        "narHash": "sha256-z0ZJ3O9b9l2dOx+QZebbRHAbSdVywkHThDNapq6Nh0c=",
        "owner": "br4ch1st0chr0n3",
        "repo": "flakes",
        "rev": "3ffdc64395d51e2006b7f40f4c583aa75e19af7b",
        "type": "github"
      },
      "original": {
        "dir": "source-flake/nixpkgs",
        "owner": "br4ch1st0chr0n3",
        "repo": "flakes",
        "type": "github"
      }
    },
    "root": {
      "inputs": {
        "drv-tools": "drv-tools",
        "flake-utils": [
          "flake-utils_",
          "flake-utils"
        ],
        "flake-utils_": "flake-utils__2",
        "gitignore": [
          "gitignore_",
          "gitignore"
        ],
        "gitignore_": "gitignore_",
        "haskell-tools": "haskell-tools",
        "nixpkgs": [
          "nixpkgs_",
          "nixpkgs"
        ],
        "nixpkgs_": "nixpkgs__5"
      }
    }
  },
  "root": "root",
  "version": 7
}
