{
  "nodes": {
    "drv-tools": {
      "inputs": {
        "flake-utils": [
          "haskell-tools",
          "drv-tools",
          "flake-utils_",
          "flake-utils"
        ],
        "flake-utils_": "flake-utils__2",
        "nixpkgs": [
          "haskell-tools",
          "drv-tools",
          "nixpkgs_",
          "nixpkgs"
        ],
        "nixpkgs_": "nixpkgs__2"
      },
      "locked": {
        "dir": "drv-tools",
        "lastModified": 1672166023,
        "narHash": "sha256-gNO68eEPI1Ql6rKtDiwUsrzqg+7U/TzLEE6EEQkJdGQ=",
        "owner": "deemp",
        "repo": "flakes",
        "rev": "e70e100c7a0e2ecca643e1e628446abf16db73db",
        "type": "github"
      },
      "original": {
        "dir": "drv-tools",
        "owner": "deemp",
        "repo": "flakes",
        "type": "github"
      }
    },
    "flake-utils": {
      "locked": {
        "lastModified": 1667395993,
        "narHash": "sha256-nuEHfE/LcWyuSWnS8t12N1wc105Qtau+/OdUAjtQ0rA=",
        "owner": "numtide",
        "repo": "flake-utils",
        "rev": "5aed5285a952e0b949eb3ba02c12fa4fcfef535f",
        "type": "github"
      },
      "original": {
        "owner": "numtide",
        "repo": "flake-utils",
        "type": "github"
      }
    },
    "flake-utils_": {
      "inputs": {
        "flake-utils": "flake-utils"
      },
      "locked": {
        "dir": "source-flake/flake-utils",
        "lastModified": 1672191263,
        "narHash": "sha256-SehT35Y/TdHnXCr9jqwKIAF48D+pGqq+nHogmRqWqzU=",
        "owner": "deemp",
        "repo": "flakes",
        "rev": "f2f06a9a4aa0d2e33519e6cd7a343007d432770c",
        "type": "github"
      },
      "original": {
        "dir": "source-flake/flake-utils",
        "owner": "deemp",
        "repo": "flakes",
        "type": "github"
      }
    },
    "flake-utils_2": {
      "locked": {
        "lastModified": 1667395993,
        "narHash": "sha256-nuEHfE/LcWyuSWnS8t12N1wc105Qtau+/OdUAjtQ0rA=",
        "owner": "numtide",
        "repo": "flake-utils",
        "rev": "5aed5285a952e0b949eb3ba02c12fa4fcfef535f",
        "type": "github"
      },
      "original": {
        "owner": "numtide",
        "repo": "flake-utils",
        "type": "github"
      }
    },
    "flake-utils_3": {
      "locked": {
        "lastModified": 1667395993,
        "narHash": "sha256-nuEHfE/LcWyuSWnS8t12N1wc105Qtau+/OdUAjtQ0rA=",
        "owner": "numtide",
        "repo": "flake-utils",
        "rev": "5aed5285a952e0b949eb3ba02c12fa4fcfef535f",
        "type": "github"
      },
      "original": {
        "owner": "numtide",
        "repo": "flake-utils",
        "type": "github"
      }
    },
    "flake-utils__2": {
      "inputs": {
        "flake-utils": "flake-utils_2"
      },
      "locked": {
        "dir": "source-flake/flake-utils",
        "lastModified": 1672162908,
        "narHash": "sha256-zwR61yDeDwCioer24zCdW0DdaW+pafGLL4by+XuPNds=",
        "owner": "deemp",
        "repo": "flakes",
        "rev": "b7acd8834c5ba95a4c89fb861317d84f07192395",
        "type": "github"
      },
      "original": {
        "dir": "source-flake/flake-utils",
        "owner": "deemp",
        "repo": "flakes",
        "type": "github"
      }
    },
    "flake-utils__3": {
      "inputs": {
        "flake-utils": "flake-utils_3"
      },
      "locked": {
        "dir": "source-flake/flake-utils",
        "lastModified": 1672166023,
        "narHash": "sha256-gNO68eEPI1Ql6rKtDiwUsrzqg+7U/TzLEE6EEQkJdGQ=",
        "owner": "deemp",
        "repo": "flakes",
        "rev": "e70e100c7a0e2ecca643e1e628446abf16db73db",
        "type": "github"
      },
      "original": {
        "dir": "source-flake/flake-utils",
        "owner": "deemp",
        "repo": "flakes",
        "type": "github"
      }
    },
    "gitignore": {
      "inputs": {
        "nixpkgs": [
          "gitignore_",
          "nixpkgs_",
          "nixpkgs"
        ]
      },
      "locked": {
        "lastModified": 1660459072,
        "narHash": "sha256-8DFJjXG8zqoONA1vXtgeKXy68KdJL5UaXR8NtVMUbx8=",
        "owner": "hercules-ci",
        "repo": "gitignore.nix",
        "rev": "a20de23b925fd8264fd7fad6454652e142fd7f73",
        "type": "github"
      },
      "original": {
        "owner": "hercules-ci",
        "repo": "gitignore.nix",
        "rev": "a20de23b925fd8264fd7fad6454652e142fd7f73",
        "type": "github"
      }
    },
    "gitignore_": {
      "inputs": {
        "gitignore": "gitignore",
        "nixpkgs_": "nixpkgs_"
      },
      "locked": {
        "dir": "source-flake/gitignore",
        "lastModified": 1672191263,
        "narHash": "sha256-SehT35Y/TdHnXCr9jqwKIAF48D+pGqq+nHogmRqWqzU=",
        "owner": "deemp",
        "repo": "flakes",
        "rev": "f2f06a9a4aa0d2e33519e6cd7a343007d432770c",
        "type": "github"
      },
      "original": {
        "dir": "source-flake/gitignore",
        "owner": "deemp",
        "repo": "flakes",
        "type": "github"
      }
    },
    "gitignore_2": {
      "inputs": {
        "nixpkgs": [
          "haskell-tools",
          "gitignore_",
          "nixpkgs_",
          "nixpkgs"
        ]
      },
      "locked": {
        "lastModified": 1660459072,
        "narHash": "sha256-8DFJjXG8zqoONA1vXtgeKXy68KdJL5UaXR8NtVMUbx8=",
        "owner": "hercules-ci",
        "repo": "gitignore.nix",
        "rev": "a20de23b925fd8264fd7fad6454652e142fd7f73",
        "type": "github"
      },
      "original": {
        "owner": "hercules-ci",
        "repo": "gitignore.nix",
        "rev": "a20de23b925fd8264fd7fad6454652e142fd7f73",
        "type": "github"
      }
    },
    "gitignore__2": {
      "inputs": {
        "gitignore": "gitignore_2",
        "nixpkgs_": "nixpkgs__3"
      },
      "locked": {
        "dir": "source-flake/gitignore",
        "lastModified": 1672166023,
        "narHash": "sha256-gNO68eEPI1Ql6rKtDiwUsrzqg+7U/TzLEE6EEQkJdGQ=",
        "owner": "deemp",
        "repo": "flakes",
        "rev": "e70e100c7a0e2ecca643e1e628446abf16db73db",
        "type": "github"
      },
      "original": {
        "dir": "source-flake/gitignore",
        "owner": "deemp",
        "repo": "flakes",
        "type": "github"
      }
    },
    "haskell-tools": {
      "inputs": {
        "drv-tools": "drv-tools",
        "flake-utils": [
          "haskell-tools",
          "flake-utils_",
          "flake-utils"
        ],
        "flake-utils_": "flake-utils__3",
        "gitignore": [
          "haskell-tools",
          "gitignore_",
          "gitignore"
        ],
        "gitignore_": "gitignore__2",
        "nixpkgs": [
          "haskell-tools",
          "nixpkgs_",
          "nixpkgs"
        ],
        "nixpkgs_": "nixpkgs__4"
      },
      "locked": {
        "dir": "language-tools/haskell",
        "lastModified": 1672191263,
        "narHash": "sha256-SehT35Y/TdHnXCr9jqwKIAF48D+pGqq+nHogmRqWqzU=",
        "owner": "deemp",
        "repo": "flakes",
        "rev": "f2f06a9a4aa0d2e33519e6cd7a343007d432770c",
        "type": "github"
      },
      "original": {
        "dir": "language-tools/haskell",
        "owner": "deemp",
        "repo": "flakes",
        "type": "github"
      }
    },
    "nixpkgs": {
      "locked": {
        "lastModified": 1671169699,
        "narHash": "sha256-YO6HhPmPt/EjEB7yXZepxaX5YbehmQUlISEP/6+2uD8=",
        "owner": "NixOS",
        "repo": "nixpkgs",
        "rev": "ed6654123003549dcdc7d65abbbd0d0c650e93b2",
        "type": "github"
      },
      "original": {
        "owner": "NixOS",
        "repo": "nixpkgs",
        "rev": "ed6654123003549dcdc7d65abbbd0d0c650e93b2",
        "type": "github"
      }
    },
    "nixpkgs_": {
      "inputs": {
        "nixpkgs": "nixpkgs"
      },
      "locked": {
        "dir": "source-flake/nixpkgs",
        "lastModified": 1672166023,
        "narHash": "sha256-gNO68eEPI1Ql6rKtDiwUsrzqg+7U/TzLEE6EEQkJdGQ=",
        "owner": "deemp",
        "repo": "flakes",
        "rev": "e70e100c7a0e2ecca643e1e628446abf16db73db",
        "type": "github"
      },
      "original": {
        "dir": "source-flake/nixpkgs",
        "owner": "deemp",
        "repo": "flakes",
        "type": "github"
      }
    },
    "nixpkgs_2": {
      "locked": {
        "lastModified": 1671169699,
        "narHash": "sha256-YO6HhPmPt/EjEB7yXZepxaX5YbehmQUlISEP/6+2uD8=",
        "owner": "NixOS",
        "repo": "nixpkgs",
        "rev": "ed6654123003549dcdc7d65abbbd0d0c650e93b2",
        "type": "github"
      },
      "original": {
        "owner": "NixOS",
        "repo": "nixpkgs",
        "rev": "ed6654123003549dcdc7d65abbbd0d0c650e93b2",
        "type": "github"
      }
    },
    "nixpkgs_3": {
      "locked": {
        "lastModified": 1671169699,
        "narHash": "sha256-YO6HhPmPt/EjEB7yXZepxaX5YbehmQUlISEP/6+2uD8=",
        "owner": "NixOS",
        "repo": "nixpkgs",
        "rev": "ed6654123003549dcdc7d65abbbd0d0c650e93b2",
        "type": "github"
      },
      "original": {
        "owner": "NixOS",
        "repo": "nixpkgs",
        "rev": "ed6654123003549dcdc7d65abbbd0d0c650e93b2",
        "type": "github"
      }
    },
    "nixpkgs_4": {
      "locked": {
        "lastModified": 1671169699,
        "narHash": "sha256-YO6HhPmPt/EjEB7yXZepxaX5YbehmQUlISEP/6+2uD8=",
        "owner": "NixOS",
        "repo": "nixpkgs",
        "rev": "ed6654123003549dcdc7d65abbbd0d0c650e93b2",
        "type": "github"
      },
      "original": {
        "owner": "NixOS",
        "repo": "nixpkgs",
        "rev": "ed6654123003549dcdc7d65abbbd0d0c650e93b2",
        "type": "github"
      }
    },
    "nixpkgs_5": {
      "locked": {
        "lastModified": 1671169699,
        "narHash": "sha256-YO6HhPmPt/EjEB7yXZepxaX5YbehmQUlISEP/6+2uD8=",
        "owner": "NixOS",
        "repo": "nixpkgs",
        "rev": "ed6654123003549dcdc7d65abbbd0d0c650e93b2",
        "type": "github"
      },
      "original": {
        "owner": "NixOS",
        "repo": "nixpkgs",
        "rev": "ed6654123003549dcdc7d65abbbd0d0c650e93b2",
        "type": "github"
      }
    },
    "nixpkgs__2": {
      "inputs": {
        "nixpkgs": "nixpkgs_2"
      },
      "locked": {
        "dir": "source-flake/nixpkgs",
        "lastModified": 1672162908,
        "narHash": "sha256-zwR61yDeDwCioer24zCdW0DdaW+pafGLL4by+XuPNds=",
        "owner": "deemp",
        "repo": "flakes",
        "rev": "b7acd8834c5ba95a4c89fb861317d84f07192395",
        "type": "github"
      },
      "original": {
        "dir": "source-flake/nixpkgs",
        "owner": "deemp",
        "repo": "flakes",
        "type": "github"
      }
    },
    "nixpkgs__3": {
      "inputs": {
        "nixpkgs": "nixpkgs_3"
      },
      "locked": {
        "dir": "source-flake/nixpkgs",
        "lastModified": 1672162908,
        "narHash": "sha256-zwR61yDeDwCioer24zCdW0DdaW+pafGLL4by+XuPNds=",
        "owner": "deemp",
        "repo": "flakes",
        "rev": "b7acd8834c5ba95a4c89fb861317d84f07192395",
        "type": "github"
      },
      "original": {
        "dir": "source-flake/nixpkgs",
        "owner": "deemp",
        "repo": "flakes",
        "type": "github"
      }
    },
    "nixpkgs__4": {
      "inputs": {
        "nixpkgs": "nixpkgs_4"
      },
      "locked": {
        "dir": "source-flake/nixpkgs",
        "lastModified": 1672166023,
        "narHash": "sha256-gNO68eEPI1Ql6rKtDiwUsrzqg+7U/TzLEE6EEQkJdGQ=",
        "owner": "deemp",
        "repo": "flakes",
        "rev": "e70e100c7a0e2ecca643e1e628446abf16db73db",
        "type": "github"
      },
      "original": {
        "dir": "source-flake/nixpkgs",
        "owner": "deemp",
        "repo": "flakes",
        "type": "github"
      }
    },
    "nixpkgs__5": {
      "inputs": {
        "nixpkgs": "nixpkgs_5"
      },
      "locked": {
        "dir": "source-flake/nixpkgs",
        "lastModified": 1672191263,
        "narHash": "sha256-SehT35Y/TdHnXCr9jqwKIAF48D+pGqq+nHogmRqWqzU=",
        "owner": "deemp",
        "repo": "flakes",
        "rev": "f2f06a9a4aa0d2e33519e6cd7a343007d432770c",
        "type": "github"
      },
      "original": {
        "dir": "source-flake/nixpkgs",
        "owner": "deemp",
        "repo": "flakes",
        "type": "github"
      }
    },
    "root": {
      "inputs": {
        "flake-utils": [
          "flake-utils_",
          "flake-utils"
        ],
        "flake-utils_": "flake-utils_",
        "gitignore": [
          "gitignore_",
          "gitignore"
        ],
        "gitignore_": "gitignore_",
        "haskell-tools": "haskell-tools",
        "nixpkgs": [
          "nixpkgs_",
          "nixpkgs"
        ],
        "nixpkgs_": "nixpkgs__5"
      }
    }
  },
  "root": "root",
  "version": 7
}
