{
  "nodes": {
    "drv-tools": {
      "inputs": {
        "flake-utils": [
          "haskell-tools",
          "drv-tools",
          "flake-utils_",
          "flake-utils"
        ],
        "flake-utils_": "flake-utils__2",
        "nixpkgs": [
          "haskell-tools",
          "drv-tools",
          "nixpkgs_",
          "nixpkgs"
        ],
        "nixpkgs_": "nixpkgs__2"
      },
      "locked": {
        "dir": "drv-tools",
        "lastModified": 1672434998,
        "narHash": "sha256-6YwtsTNZXahs1WBiVG5APVsJMMueouUq64aJcRGFXys=",
        "owner": "deemp",
        "repo": "flakes",
        "rev": "0495c4aa3224a5dc1ca55023dc6b2a752381e83b",
        "type": "github"
      },
      "original": {
        "dir": "drv-tools",
        "owner": "deemp",
        "repo": "flakes",
        "type": "github"
      }
    },
    "flake-utils": {
      "locked": {
        "lastModified": 1667395993,
        "narHash": "sha256-nuEHfE/LcWyuSWnS8t12N1wc105Qtau+/OdUAjtQ0rA=",
        "owner": "numtide",
        "repo": "flake-utils",
        "rev": "5aed5285a952e0b949eb3ba02c12fa4fcfef535f",
        "type": "github"
      },
      "original": {
        "owner": "numtide",
        "repo": "flake-utils",
        "type": "github"
      }
    },
    "flake-utils_": {
      "inputs": {
        "flake-utils": "flake-utils"
      },
      "locked": {
        "dir": "source-flake/flake-utils",
        "lastModified": 1672435107,
        "narHash": "sha256-RcCw1stUb2QKvxU8aZNxDN/XGhAgQ972pkC82VhOrjM=",
        "owner": "deemp",
        "repo": "flakes",
        "rev": "9125ea415cc69dd0fdf63a9e6d8e3c6466197554",
        "type": "github"
      },
      "original": {
        "dir": "source-flake/flake-utils",
        "owner": "deemp",
        "repo": "flakes",
        "type": "github"
      }
    },
    "flake-utils_2": {
      "locked": {
        "lastModified": 1667395993,
        "narHash": "sha256-nuEHfE/LcWyuSWnS8t12N1wc105Qtau+/OdUAjtQ0rA=",
        "owner": "numtide",
        "repo": "flake-utils",
        "rev": "5aed5285a952e0b949eb3ba02c12fa4fcfef535f",
        "type": "github"
      },
      "original": {
        "owner": "numtide",
        "repo": "flake-utils",
        "type": "github"
      }
    },
    "flake-utils_3": {
      "locked": {
        "lastModified": 1667395993,
        "narHash": "sha256-nuEHfE/LcWyuSWnS8t12N1wc105Qtau+/OdUAjtQ0rA=",
        "owner": "numtide",
        "repo": "flake-utils",
        "rev": "5aed5285a952e0b949eb3ba02c12fa4fcfef535f",
        "type": "github"
      },
      "original": {
        "owner": "numtide",
        "repo": "flake-utils",
        "type": "github"
      }
    },
    "flake-utils__2": {
      "inputs": {
        "flake-utils": "flake-utils_2"
      },
      "locked": {
        "dir": "source-flake/flake-utils",
        "lastModified": 1672427720,
        "narHash": "sha256-Cxqp5OuRfPFkBay6/2mwNtU/m7ZwIwqPuNo6/LdfgLw=",
        "owner": "deemp",
        "repo": "flakes",
        "rev": "1f278c906912a80c93a2117d7847adeb68b0ddaf",
        "type": "github"
      },
      "original": {
        "dir": "source-flake/flake-utils",
        "owner": "deemp",
        "repo": "flakes",
        "type": "github"
      }
    },
    "flake-utils__3": {
      "inputs": {
        "flake-utils": "flake-utils_3"
      },
      "locked": {
        "dir": "source-flake/flake-utils",
        "lastModified": 1672434998,
        "narHash": "sha256-6YwtsTNZXahs1WBiVG5APVsJMMueouUq64aJcRGFXys=",
        "owner": "deemp",
        "repo": "flakes",
        "rev": "0495c4aa3224a5dc1ca55023dc6b2a752381e83b",
        "type": "github"
      },
      "original": {
        "dir": "source-flake/flake-utils",
        "owner": "deemp",
        "repo": "flakes",
        "type": "github"
      }
    },
    "gitignore": {
      "inputs": {
        "nixpkgs": [
          "gitignore_",
          "nixpkgs_",
          "nixpkgs"
        ]
      },
      "locked": {
        "lastModified": 1660459072,
        "narHash": "sha256-8DFJjXG8zqoONA1vXtgeKXy68KdJL5UaXR8NtVMUbx8=",
        "owner": "hercules-ci",
        "repo": "gitignore.nix",
        "rev": "a20de23b925fd8264fd7fad6454652e142fd7f73",
        "type": "github"
      },
      "original": {
        "owner": "hercules-ci",
        "repo": "gitignore.nix",
        "rev": "a20de23b925fd8264fd7fad6454652e142fd7f73",
        "type": "github"
      }
    },
    "gitignore_": {
      "inputs": {
        "gitignore": "gitignore",
        "nixpkgs_": "nixpkgs_"
      },
      "locked": {
        "dir": "source-flake/gitignore",
        "lastModified": 1672435107,
        "narHash": "sha256-RcCw1stUb2QKvxU8aZNxDN/XGhAgQ972pkC82VhOrjM=",
        "owner": "deemp",
        "repo": "flakes",
        "rev": "9125ea415cc69dd0fdf63a9e6d8e3c6466197554",
        "type": "github"
      },
      "original": {
        "dir": "source-flake/gitignore",
        "owner": "deemp",
        "repo": "flakes",
        "type": "github"
      }
    },
    "gitignore_2": {
      "inputs": {
        "nixpkgs": [
          "haskell-tools",
          "gitignore_",
          "nixpkgs_",
          "nixpkgs"
        ]
      },
      "locked": {
        "lastModified": 1660459072,
        "narHash": "sha256-8DFJjXG8zqoONA1vXtgeKXy68KdJL5UaXR8NtVMUbx8=",
        "owner": "hercules-ci",
        "repo": "gitignore.nix",
        "rev": "a20de23b925fd8264fd7fad6454652e142fd7f73",
        "type": "github"
      },
      "original": {
        "owner": "hercules-ci",
        "repo": "gitignore.nix",
        "rev": "a20de23b925fd8264fd7fad6454652e142fd7f73",
        "type": "github"
      }
    },
    "gitignore__2": {
      "inputs": {
        "gitignore": "gitignore_2",
        "nixpkgs_": "nixpkgs__3"
      },
      "locked": {
        "dir": "source-flake/gitignore",
        "lastModified": 1672434998,
        "narHash": "sha256-6YwtsTNZXahs1WBiVG5APVsJMMueouUq64aJcRGFXys=",
        "owner": "deemp",
        "repo": "flakes",
        "rev": "0495c4aa3224a5dc1ca55023dc6b2a752381e83b",
        "type": "github"
      },
      "original": {
        "dir": "source-flake/gitignore",
        "owner": "deemp",
        "repo": "flakes",
        "type": "github"
      }
    },
    "haskell-tools": {
      "inputs": {
        "drv-tools": "drv-tools",
        "flake-utils": [
          "haskell-tools",
          "flake-utils_",
          "flake-utils"
        ],
        "flake-utils_": "flake-utils__3",
        "gitignore": [
          "haskell-tools",
          "gitignore_",
          "gitignore"
        ],
        "gitignore_": "gitignore__2",
        "nixpkgs": [
          "haskell-tools",
          "nixpkgs_",
          "nixpkgs"
        ],
        "nixpkgs_": "nixpkgs__4"
      },
      "locked": {
        "dir": "language-tools/haskell",
        "lastModified": 1672435107,
        "narHash": "sha256-RcCw1stUb2QKvxU8aZNxDN/XGhAgQ972pkC82VhOrjM=",
        "owner": "deemp",
        "repo": "flakes",
        "rev": "9125ea415cc69dd0fdf63a9e6d8e3c6466197554",
        "type": "github"
      },
      "original": {
        "dir": "language-tools/haskell",
        "owner": "deemp",
        "repo": "flakes",
        "type": "github"
      }
    },
    "nixpkgs": {
      "locked": {
        "lastModified": 1672269866,
        "narHash": "sha256-GpVlIM5y4GrvyLSLxMU7gt3kphUoEbercUcAxLU2z4I=",
        "owner": "NixOS",
        "repo": "nixpkgs",
        "rev": "1bb598fb4588b8752674bfbddcf9403daf2d6e09",
        "type": "github"
      },
      "original": {
        "owner": "NixOS",
        "repo": "nixpkgs",
        "rev": "1bb598fb4588b8752674bfbddcf9403daf2d6e09",
        "type": "github"
      }
    },
    "nixpkgs_": {
      "inputs": {
        "nixpkgs": "nixpkgs"
      },
      "locked": {
        "dir": "source-flake/nixpkgs",
        "lastModified": 1672434998,
        "narHash": "sha256-6YwtsTNZXahs1WBiVG5APVsJMMueouUq64aJcRGFXys=",
        "owner": "deemp",
        "repo": "flakes",
        "rev": "0495c4aa3224a5dc1ca55023dc6b2a752381e83b",
        "type": "github"
      },
      "original": {
        "dir": "source-flake/nixpkgs",
        "owner": "deemp",
        "repo": "flakes",
        "type": "github"
      }
    },
    "nixpkgs_2": {
      "locked": {
        "lastModified": 1672269866,
        "narHash": "sha256-GpVlIM5y4GrvyLSLxMU7gt3kphUoEbercUcAxLU2z4I=",
        "owner": "NixOS",
        "repo": "nixpkgs",
        "rev": "1bb598fb4588b8752674bfbddcf9403daf2d6e09",
        "type": "github"
      },
      "original": {
        "owner": "NixOS",
        "repo": "nixpkgs",
        "rev": "1bb598fb4588b8752674bfbddcf9403daf2d6e09",
        "type": "github"
      }
    },
    "nixpkgs_3": {
      "locked": {
        "lastModified": 1672269866,
        "narHash": "sha256-GpVlIM5y4GrvyLSLxMU7gt3kphUoEbercUcAxLU2z4I=",
        "owner": "NixOS",
        "repo": "nixpkgs",
        "rev": "1bb598fb4588b8752674bfbddcf9403daf2d6e09",
        "type": "github"
      },
      "original": {
        "owner": "NixOS",
        "repo": "nixpkgs",
        "rev": "1bb598fb4588b8752674bfbddcf9403daf2d6e09",
        "type": "github"
      }
    },
    "nixpkgs_4": {
      "locked": {
        "lastModified": 1672269866,
        "narHash": "sha256-GpVlIM5y4GrvyLSLxMU7gt3kphUoEbercUcAxLU2z4I=",
        "owner": "NixOS",
        "repo": "nixpkgs",
        "rev": "1bb598fb4588b8752674bfbddcf9403daf2d6e09",
        "type": "github"
      },
      "original": {
        "owner": "NixOS",
        "repo": "nixpkgs",
        "rev": "1bb598fb4588b8752674bfbddcf9403daf2d6e09",
        "type": "github"
      }
    },
    "nixpkgs_5": {
      "locked": {
        "lastModified": 1672269866,
        "narHash": "sha256-GpVlIM5y4GrvyLSLxMU7gt3kphUoEbercUcAxLU2z4I=",
        "owner": "NixOS",
        "repo": "nixpkgs",
        "rev": "1bb598fb4588b8752674bfbddcf9403daf2d6e09",
        "type": "github"
      },
      "original": {
        "owner": "NixOS",
        "repo": "nixpkgs",
        "rev": "1bb598fb4588b8752674bfbddcf9403daf2d6e09",
        "type": "github"
      }
    },
    "nixpkgs__2": {
      "inputs": {
        "nixpkgs": "nixpkgs_2"
      },
      "locked": {
        "dir": "source-flake/nixpkgs",
        "lastModified": 1672427720,
        "narHash": "sha256-Cxqp5OuRfPFkBay6/2mwNtU/m7ZwIwqPuNo6/LdfgLw=",
        "owner": "deemp",
        "repo": "flakes",
        "rev": "1f278c906912a80c93a2117d7847adeb68b0ddaf",
        "type": "github"
      },
      "original": {
        "dir": "source-flake/nixpkgs",
        "owner": "deemp",
        "repo": "flakes",
        "type": "github"
      }
    },
    "nixpkgs__3": {
      "inputs": {
        "nixpkgs": "nixpkgs_3"
      },
      "locked": {
        "dir": "source-flake/nixpkgs",
        "lastModified": 1672427720,
        "narHash": "sha256-Cxqp5OuRfPFkBay6/2mwNtU/m7ZwIwqPuNo6/LdfgLw=",
        "owner": "deemp",
        "repo": "flakes",
        "rev": "1f278c906912a80c93a2117d7847adeb68b0ddaf",
        "type": "github"
      },
      "original": {
        "dir": "source-flake/nixpkgs",
        "owner": "deemp",
        "repo": "flakes",
        "type": "github"
      }
    },
    "nixpkgs__4": {
      "inputs": {
        "nixpkgs": "nixpkgs_4"
      },
      "locked": {
        "dir": "source-flake/nixpkgs",
        "lastModified": 1672434998,
        "narHash": "sha256-6YwtsTNZXahs1WBiVG5APVsJMMueouUq64aJcRGFXys=",
        "owner": "deemp",
        "repo": "flakes",
        "rev": "0495c4aa3224a5dc1ca55023dc6b2a752381e83b",
        "type": "github"
      },
      "original": {
        "dir": "source-flake/nixpkgs",
        "owner": "deemp",
        "repo": "flakes",
        "type": "github"
      }
    },
    "nixpkgs__5": {
      "inputs": {
        "nixpkgs": "nixpkgs_5"
      },
      "locked": {
        "dir": "source-flake/nixpkgs",
        "lastModified": 1672435107,
        "narHash": "sha256-RcCw1stUb2QKvxU8aZNxDN/XGhAgQ972pkC82VhOrjM=",
        "owner": "deemp",
        "repo": "flakes",
        "rev": "9125ea415cc69dd0fdf63a9e6d8e3c6466197554",
        "type": "github"
      },
      "original": {
        "dir": "source-flake/nixpkgs",
        "owner": "deemp",
        "repo": "flakes",
        "type": "github"
      }
    },
    "root": {
      "inputs": {
        "flake-utils": [
          "flake-utils_",
          "flake-utils"
        ],
        "flake-utils_": "flake-utils_",
        "gitignore": [
          "gitignore_",
          "gitignore"
        ],
        "gitignore_": "gitignore_",
        "haskell-tools": "haskell-tools",
        "nixpkgs": [
          "nixpkgs_",
          "nixpkgs"
        ],
        "nixpkgs_": "nixpkgs__5"
      }
    }
  },
  "root": "root",
  "version": 7
}
